
Microsoft Visual Studio Solution File, Format Version 12.00
# Visual Studio Version 17
Project("{2150E333-8FDC-42A3-9474-1A3956D46DE8}") = "CMakePredefinedTargets", "CMakePredefinedTargets", "{027AFEAF-1B70-3E2F-B698-BD689EE784BB}"
EndProject
Project("{2150E333-8FDC-42A3-9474-1A3956D46DE8}") = "DiligentCore", "DiligentCore", "{1595082A-AF88-387A-8D81-55402DCE979B}"
EndProject
Project("{2150E333-8FDC-42A3-9474-1A3956D46DE8}") = "Graphics", "DiligentCore\Graphics", "{F4B975B4-1431-3969-BD88-7B85DD142C0E}"
EndProject
Project("{2150E333-8FDC-42A3-9474-1A3956D46DE8}") = "Platforms", "DiligentCore\Platforms", "{2A690346-8C2C-3726-AF6C-EC33E84AFF68}"
EndProject
Project("{2150E333-8FDC-42A3-9474-1A3956D46DE8}") = "ThirdParty", "DiligentCore\ThirdParty", "{F9AF6B5D-D886-3912-9334-97E84930A6C6}"
EndProject
Project("{2150E333-8FDC-42A3-9474-1A3956D46DE8}") = "SPIRV-Cross", "DiligentCore\ThirdParty\SPIRV-Cross", "{408A46C1-F0FA-32B4-832B-12864B7B8DAC}"
EndProject
Project("{2150E333-8FDC-42A3-9474-1A3956D46DE8}") = "SPIRV-Tools", "DiligentCore\ThirdParty\SPIRV-Tools", "{E31E55CC-5623-3BCF-8040-EBD0477FB5ED}"
EndProject
Project("{2150E333-8FDC-42A3-9474-1A3956D46DE8}") = "SPIRV-Tools build", "DiligentCore\ThirdParty\SPIRV-Tools\SPIRV-Tools build", "{57BB5828-148F-397B-91C3-6F326AABF706}"
EndProject
Project("{2150E333-8FDC-42A3-9474-1A3956D46DE8}") = "SPIRV-Tools libraries", "DiligentCore\ThirdParty\SPIRV-Tools\SPIRV-Tools libraries", "{E8CA66E4-6BD2-38A4-83B8-26A76E4225DF}"
EndProject
Project("{2150E333-8FDC-42A3-9474-1A3956D46DE8}") = "glslang", "DiligentCore\ThirdParty\glslang", "{E1EA1B87-C0C3-334C-B386-35A9EF1D32BA}"
EndProject
Project("{2150E333-8FDC-42A3-9474-1A3956D46DE8}") = "glslang", "DiligentCore\ThirdParty\glslang\glslang", "{2926D2DE-095B-3E05-82C6-E2130D4AD999}"
EndProject
Project("{2150E333-8FDC-42A3-9474-1A3956D46DE8}") = "xxHash", "DiligentCore\ThirdParty\xxHash", "{4AECEF9E-96C7-32C7-AF38-938F349165BF}"
EndProject
Project("{2150E333-8FDC-42A3-9474-1A3956D46DE8}") = "DiligentSamples", "DiligentSamples", "{D728AAFC-6F18-3102-9842-E54CD81B7F06}"
EndProject
Project("{2150E333-8FDC-42A3-9474-1A3956D46DE8}") = "Tutorials", "DiligentSamples\Tutorials", "{EC9EE31C-429C-35BB-95DB-C688B29D862B}"
EndProject
Project("{2150E333-8FDC-42A3-9474-1A3956D46DE8}") = "DiligentTools", "DiligentTools", "{E5448820-774B-3BE2-BEBD-1BE027C02DB7}"
EndProject
Project("{2150E333-8FDC-42A3-9474-1A3956D46DE8}") = "ThirdParty", "DiligentTools\ThirdParty", "{C14404B0-4651-3834-85DC-09630BB12B4A}"
EndProject
Project("{2150E333-8FDC-42A3-9474-1A3956D46DE8}") = "png", "DiligentTools\ThirdParty\png", "{AB8191F1-5204-3334-A4EB-DE5325859C23}"
EndProject
Project("{8BC9CEB8-8B4A-11D0-8D11-00A0C91BC942}") = "ALL_BUILD", "ALL_BUILD.vcxproj", "{9086CD0F-E657-3201-B4A8-2269E2597136}"
	ProjectSection(ProjectDependencies) = postProject
		{BFAFC5FB-B396-3768-9F79-C851ED57AC05} = {BFAFC5FB-B396-3768-9F79-C851ED57AC05}
		{7D2BFAAF-4CD9-358E-BAB4-10EC69DF08BB} = {7D2BFAAF-4CD9-358E-BAB4-10EC69DF08BB}
	EndProjectSection
EndProject
Project("{8BC9CEB8-8B4A-11D0-8D11-00A0C91BC942}") = "Diligent-Archiver-shared", "..\..\..\DiligentCore\Graphics\Archiver\Diligent-Archiver-shared.vcxproj", "{7DE68996-F5B3-36F0-99A8-56512D9564EE}"
	ProjectSection(ProjectDependencies) = postProject
		{65749FB4-120D-39D4-9E84-4638D0171E9C} = {65749FB4-120D-39D4-9E84-4638D0171E9C}
		{0CA151C4-B540-3F74-8846-1A29AAB98B4F} = {0CA151C4-B540-3F74-8846-1A29AAB98B4F}
		{ACD4789B-9CC0-3C3E-8091-F6F8653A85B0} = {ACD4789B-9CC0-3C3E-8091-F6F8653A85B0}
		{9CCA77E5-9CF1-3E40-80FF-0CAA4A0F045B} = {9CCA77E5-9CF1-3E40-80FF-0CAA4A0F045B}
		{1B2504F6-D3DD-3A55-8502-8A2592CAEB0F} = {1B2504F6-D3DD-3A55-8502-8A2592CAEB0F}
		{5F74F47B-4717-34E1-A05C-AD7397142745} = {5F74F47B-4717-34E1-A05C-AD7397142745}
		{F858EA08-A60B-3DBD-BD6C-87CFF89DA96F} = {F858EA08-A60B-3DBD-BD6C-87CFF89DA96F}
		{07A3DD0E-73CA-3349-8614-A7FE934B2A38} = {07A3DD0E-73CA-3349-8614-A7FE934B2A38}
		{3DC2F240-B6F4-321C-86AD-A2EC74E30117} = {3DC2F240-B6F4-321C-86AD-A2EC74E30117}
		{52B79B00-1641-3DE2-9AB5-BE39C880FC12} = {52B79B00-1641-3DE2-9AB5-BE39C880FC12}
		{2749C16B-9BC9-357E-88A3-64256B9F04DE} = {2749C16B-9BC9-357E-88A3-64256B9F04DE}
		{307F487B-DC4E-3D3B-B0B9-78B4A67770B0} = {307F487B-DC4E-3D3B-B0B9-78B4A67770B0}
		{74E2D420-72F2-37F6-AADC-B03BB45503AC} = {74E2D420-72F2-37F6-AADC-B03BB45503AC}
		{7DA82E51-7A22-3642-93B0-6CA6914F4F21} = {7DA82E51-7A22-3642-93B0-6CA6914F4F21}
		{D1CA27C9-1D34-3FEE-A976-34889B573511} = {D1CA27C9-1D34-3FEE-A976-34889B573511}
		{E448BABE-79EB-3DCE-B133-FDA2FB1939C4} = {E448BABE-79EB-3DCE-B133-FDA2FB1939C4}
		{B240E8E1-4BFF-3F31-BDAD-008536524EB8} = {B240E8E1-4BFF-3F31-BDAD-008536524EB8}
		{7D2BFAAF-4CD9-358E-BAB4-10EC69DF08BB} = {7D2BFAAF-4CD9-358E-BAB4-10EC69DF08BB}
		{099C3EBA-7FFA-3343-98B4-5AA9ADAB68D7} = {099C3EBA-7FFA-3343-98B4-5AA9ADAB68D7}
		{038D627E-0EAB-34FD-901A-60E9EEE20556} = {038D627E-0EAB-34FD-901A-60E9EEE20556}
		{0A00D42C-E660-3581-ACCE-FCFE89A68634} = {0A00D42C-E660-3581-ACCE-FCFE89A68634}
		{18F9B9AA-2EED-342A-856E-401A462E7B5F} = {18F9B9AA-2EED-342A-856E-401A462E7B5F}
	EndProjectSection
EndProject
Project("{8BC9CEB8-8B4A-11D0-8D11-00A0C91BC942}") = "Diligent-Archiver-static", "..\..\..\DiligentCore\Graphics\Archiver\Diligent-Archiver-static.vcxproj", "{65749FB4-120D-39D4-9E84-4638D0171E9C}"
	ProjectSection(ProjectDependencies) = postProject
		{0CA151C4-B540-3F74-8846-1A29AAB98B4F} = {0CA151C4-B540-3F74-8846-1A29AAB98B4F}
		{ACD4789B-9CC0-3C3E-8091-F6F8653A85B0} = {ACD4789B-9CC0-3C3E-8091-F6F8653A85B0}
		{9CCA77E5-9CF1-3E40-80FF-0CAA4A0F045B} = {9CCA77E5-9CF1-3E40-80FF-0CAA4A0F045B}
		{1B2504F6-D3DD-3A55-8502-8A2592CAEB0F} = {1B2504F6-D3DD-3A55-8502-8A2592CAEB0F}
		{5F74F47B-4717-34E1-A05C-AD7397142745} = {5F74F47B-4717-34E1-A05C-AD7397142745}
		{F858EA08-A60B-3DBD-BD6C-87CFF89DA96F} = {F858EA08-A60B-3DBD-BD6C-87CFF89DA96F}
		{07A3DD0E-73CA-3349-8614-A7FE934B2A38} = {07A3DD0E-73CA-3349-8614-A7FE934B2A38}
		{3DC2F240-B6F4-321C-86AD-A2EC74E30117} = {3DC2F240-B6F4-321C-86AD-A2EC74E30117}
		{52B79B00-1641-3DE2-9AB5-BE39C880FC12} = {52B79B00-1641-3DE2-9AB5-BE39C880FC12}
		{2749C16B-9BC9-357E-88A3-64256B9F04DE} = {2749C16B-9BC9-357E-88A3-64256B9F04DE}
		{307F487B-DC4E-3D3B-B0B9-78B4A67770B0} = {307F487B-DC4E-3D3B-B0B9-78B4A67770B0}
		{74E2D420-72F2-37F6-AADC-B03BB45503AC} = {74E2D420-72F2-37F6-AADC-B03BB45503AC}
		{7DA82E51-7A22-3642-93B0-6CA6914F4F21} = {7DA82E51-7A22-3642-93B0-6CA6914F4F21}
		{D1CA27C9-1D34-3FEE-A976-34889B573511} = {D1CA27C9-1D34-3FEE-A976-34889B573511}
		{E448BABE-79EB-3DCE-B133-FDA2FB1939C4} = {E448BABE-79EB-3DCE-B133-FDA2FB1939C4}
		{B240E8E1-4BFF-3F31-BDAD-008536524EB8} = {B240E8E1-4BFF-3F31-BDAD-008536524EB8}
		{7D2BFAAF-4CD9-358E-BAB4-10EC69DF08BB} = {7D2BFAAF-4CD9-358E-BAB4-10EC69DF08BB}
		{099C3EBA-7FFA-3343-98B4-5AA9ADAB68D7} = {099C3EBA-7FFA-3343-98B4-5AA9ADAB68D7}
		{038D627E-0EAB-34FD-901A-60E9EEE20556} = {038D627E-0EAB-34FD-901A-60E9EEE20556}
		{0A00D42C-E660-3581-ACCE-FCFE89A68634} = {0A00D42C-E660-3581-ACCE-FCFE89A68634}
		{18F9B9AA-2EED-342A-856E-401A462E7B5F} = {18F9B9AA-2EED-342A-856E-401A462E7B5F}
	EndProjectSection
EndProject
Project("{8BC9CEB8-8B4A-11D0-8D11-00A0C91BC942}") = "Diligent-BasicPlatform", "..\..\..\DiligentCore\Platforms\Basic\Diligent-BasicPlatform.vcxproj", "{0CA151C4-B540-3F74-8846-1A29AAB98B4F}"
	ProjectSection(ProjectDependencies) = postProject
		{74E2D420-72F2-37F6-AADC-B03BB45503AC} = {74E2D420-72F2-37F6-AADC-B03BB45503AC}
		{7D2BFAAF-4CD9-358E-BAB4-10EC69DF08BB} = {7D2BFAAF-4CD9-358E-BAB4-10EC69DF08BB}
	EndProjectSection
EndProject
Project("{8BC9CEB8-8B4A-11D0-8D11-00A0C91BC942}") = "Diligent-Common", "..\..\..\DiligentCore\Common\Diligent-Common.vcxproj", "{ACD4789B-9CC0-3C3E-8091-F6F8653A85B0}"
	ProjectSection(ProjectDependencies) = postProject
		{0CA151C4-B540-3F74-8846-1A29AAB98B4F} = {0CA151C4-B540-3F74-8846-1A29AAB98B4F}
		{74E2D420-72F2-37F6-AADC-B03BB45503AC} = {74E2D420-72F2-37F6-AADC-B03BB45503AC}
		{7DA82E51-7A22-3642-93B0-6CA6914F4F21} = {7DA82E51-7A22-3642-93B0-6CA6914F4F21}
		{7D2BFAAF-4CD9-358E-BAB4-10EC69DF08BB} = {7D2BFAAF-4CD9-358E-BAB4-10EC69DF08BB}
	EndProjectSection
EndProject
Project("{8BC9CEB8-8B4A-11D0-8D11-00A0C91BC942}") = "Diligent-GraphicsAccessories", "..\..\..\DiligentCore\Graphics\GraphicsAccessories\Diligent-GraphicsAccessories.vcxproj", "{9CCA77E5-9CF1-3E40-80FF-0CAA4A0F045B}"
	ProjectSection(ProjectDependencies) = postProject
		{0CA151C4-B540-3F74-8846-1A29AAB98B4F} = {0CA151C4-B540-3F74-8846-1A29AAB98B4F}
		{ACD4789B-9CC0-3C3E-8091-F6F8653A85B0} = {ACD4789B-9CC0-3C3E-8091-F6F8653A85B0}
		{74E2D420-72F2-37F6-AADC-B03BB45503AC} = {74E2D420-72F2-37F6-AADC-B03BB45503AC}
		{7DA82E51-7A22-3642-93B0-6CA6914F4F21} = {7DA82E51-7A22-3642-93B0-6CA6914F4F21}
		{7D2BFAAF-4CD9-358E-BAB4-10EC69DF08BB} = {7D2BFAAF-4CD9-358E-BAB4-10EC69DF08BB}
	EndProjectSection
EndProject
Project("{8BC9CEB8-8B4A-11D0-8D11-00A0C91BC942}") = "Diligent-GraphicsEngine", "..\..\..\DiligentCore\Graphics\GraphicsEngine\Diligent-GraphicsEngine.vcxproj", "{1B2504F6-D3DD-3A55-8502-8A2592CAEB0F}"
	ProjectSection(ProjectDependencies) = postProject
		{0CA151C4-B540-3F74-8846-1A29AAB98B4F} = {0CA151C4-B540-3F74-8846-1A29AAB98B4F}
		{ACD4789B-9CC0-3C3E-8091-F6F8653A85B0} = {ACD4789B-9CC0-3C3E-8091-F6F8653A85B0}
		{9CCA77E5-9CF1-3E40-80FF-0CAA4A0F045B} = {9CCA77E5-9CF1-3E40-80FF-0CAA4A0F045B}
		{74E2D420-72F2-37F6-AADC-B03BB45503AC} = {74E2D420-72F2-37F6-AADC-B03BB45503AC}
		{7DA82E51-7A22-3642-93B0-6CA6914F4F21} = {7DA82E51-7A22-3642-93B0-6CA6914F4F21}
		{7D2BFAAF-4CD9-358E-BAB4-10EC69DF08BB} = {7D2BFAAF-4CD9-358E-BAB4-10EC69DF08BB}
	EndProjectSection
EndProject
Project("{8BC9CEB8-8B4A-11D0-8D11-00A0C91BC942}") = "Diligent-GraphicsEngineD3D11-shared", "..\..\..\DiligentCore\Graphics\GraphicsEngineD3D11\Diligent-GraphicsEngineD3D11-shared.vcxproj", "{3A8763D0-A063-3F9D-8611-41F7D8676489}"
	ProjectSection(ProjectDependencies) = postProject
		{0CA151C4-B540-3F74-8846-1A29AAB98B4F} = {0CA151C4-B540-3F74-8846-1A29AAB98B4F}
		{ACD4789B-9CC0-3C3E-8091-F6F8653A85B0} = {ACD4789B-9CC0-3C3E-8091-F6F8653A85B0}
		{9CCA77E5-9CF1-3E40-80FF-0CAA4A0F045B} = {9CCA77E5-9CF1-3E40-80FF-0CAA4A0F045B}
		{1B2504F6-D3DD-3A55-8502-8A2592CAEB0F} = {1B2504F6-D3DD-3A55-8502-8A2592CAEB0F}
		{5F74F47B-4717-34E1-A05C-AD7397142745} = {5F74F47B-4717-34E1-A05C-AD7397142745}
		{07A3DD0E-73CA-3349-8614-A7FE934B2A38} = {07A3DD0E-73CA-3349-8614-A7FE934B2A38}
		{307F487B-DC4E-3D3B-B0B9-78B4A67770B0} = {307F487B-DC4E-3D3B-B0B9-78B4A67770B0}
		{74E2D420-72F2-37F6-AADC-B03BB45503AC} = {74E2D420-72F2-37F6-AADC-B03BB45503AC}
		{7DA82E51-7A22-3642-93B0-6CA6914F4F21} = {7DA82E51-7A22-3642-93B0-6CA6914F4F21}
		{D1CA27C9-1D34-3FEE-A976-34889B573511} = {D1CA27C9-1D34-3FEE-A976-34889B573511}
		{E448BABE-79EB-3DCE-B133-FDA2FB1939C4} = {E448BABE-79EB-3DCE-B133-FDA2FB1939C4}
		{B240E8E1-4BFF-3F31-BDAD-008536524EB8} = {B240E8E1-4BFF-3F31-BDAD-008536524EB8}
		{7D2BFAAF-4CD9-358E-BAB4-10EC69DF08BB} = {7D2BFAAF-4CD9-358E-BAB4-10EC69DF08BB}
		{038D627E-0EAB-34FD-901A-60E9EEE20556} = {038D627E-0EAB-34FD-901A-60E9EEE20556}
		{0A00D42C-E660-3581-ACCE-FCFE89A68634} = {0A00D42C-E660-3581-ACCE-FCFE89A68634}
	EndProjectSection
EndProject
Project("{8BC9CEB8-8B4A-11D0-8D11-00A0C91BC942}") = "Diligent-GraphicsEngineD3D11-static", "..\..\..\DiligentCore\Graphics\GraphicsEngineD3D11\Diligent-GraphicsEngineD3D11-static.vcxproj", "{5F74F47B-4717-34E1-A05C-AD7397142745}"
	ProjectSection(ProjectDependencies) = postProject
		{0CA151C4-B540-3F74-8846-1A29AAB98B4F} = {0CA151C4-B540-3F74-8846-1A29AAB98B4F}
		{ACD4789B-9CC0-3C3E-8091-F6F8653A85B0} = {ACD4789B-9CC0-3C3E-8091-F6F8653A85B0}
		{9CCA77E5-9CF1-3E40-80FF-0CAA4A0F045B} = {9CCA77E5-9CF1-3E40-80FF-0CAA4A0F045B}
		{1B2504F6-D3DD-3A55-8502-8A2592CAEB0F} = {1B2504F6-D3DD-3A55-8502-8A2592CAEB0F}
		{07A3DD0E-73CA-3349-8614-A7FE934B2A38} = {07A3DD0E-73CA-3349-8614-A7FE934B2A38}
		{307F487B-DC4E-3D3B-B0B9-78B4A67770B0} = {307F487B-DC4E-3D3B-B0B9-78B4A67770B0}
		{74E2D420-72F2-37F6-AADC-B03BB45503AC} = {74E2D420-72F2-37F6-AADC-B03BB45503AC}
		{7DA82E51-7A22-3642-93B0-6CA6914F4F21} = {7DA82E51-7A22-3642-93B0-6CA6914F4F21}
		{D1CA27C9-1D34-3FEE-A976-34889B573511} = {D1CA27C9-1D34-3FEE-A976-34889B573511}
		{E448BABE-79EB-3DCE-B133-FDA2FB1939C4} = {E448BABE-79EB-3DCE-B133-FDA2FB1939C4}
		{B240E8E1-4BFF-3F31-BDAD-008536524EB8} = {B240E8E1-4BFF-3F31-BDAD-008536524EB8}
		{7D2BFAAF-4CD9-358E-BAB4-10EC69DF08BB} = {7D2BFAAF-4CD9-358E-BAB4-10EC69DF08BB}
		{038D627E-0EAB-34FD-901A-60E9EEE20556} = {038D627E-0EAB-34FD-901A-60E9EEE20556}
		{0A00D42C-E660-3581-ACCE-FCFE89A68634} = {0A00D42C-E660-3581-ACCE-FCFE89A68634}
	EndProjectSection
EndProject
Project("{8BC9CEB8-8B4A-11D0-8D11-00A0C91BC942}") = "Diligent-GraphicsEngineD3D12-shared", "..\..\..\DiligentCore\Graphics\GraphicsEngineD3D12\Diligent-GraphicsEngineD3D12-shared.vcxproj", "{5740C6C5-AD1D-388E-8A66-44921B7E96DB}"
	ProjectSection(ProjectDependencies) = postProject
		{0CA151C4-B540-3F74-8846-1A29AAB98B4F} = {0CA151C4-B540-3F74-8846-1A29AAB98B4F}
		{ACD4789B-9CC0-3C3E-8091-F6F8653A85B0} = {ACD4789B-9CC0-3C3E-8091-F6F8653A85B0}
		{9CCA77E5-9CF1-3E40-80FF-0CAA4A0F045B} = {9CCA77E5-9CF1-3E40-80FF-0CAA4A0F045B}
		{1B2504F6-D3DD-3A55-8502-8A2592CAEB0F} = {1B2504F6-D3DD-3A55-8502-8A2592CAEB0F}
		{F858EA08-A60B-3DBD-BD6C-87CFF89DA96F} = {F858EA08-A60B-3DBD-BD6C-87CFF89DA96F}
		{07A3DD0E-73CA-3349-8614-A7FE934B2A38} = {07A3DD0E-73CA-3349-8614-A7FE934B2A38}
		{3DC2F240-B6F4-321C-86AD-A2EC74E30117} = {3DC2F240-B6F4-321C-86AD-A2EC74E30117}
		{307F487B-DC4E-3D3B-B0B9-78B4A67770B0} = {307F487B-DC4E-3D3B-B0B9-78B4A67770B0}
		{74E2D420-72F2-37F6-AADC-B03BB45503AC} = {74E2D420-72F2-37F6-AADC-B03BB45503AC}
		{7DA82E51-7A22-3642-93B0-6CA6914F4F21} = {7DA82E51-7A22-3642-93B0-6CA6914F4F21}
		{D1CA27C9-1D34-3FEE-A976-34889B573511} = {D1CA27C9-1D34-3FEE-A976-34889B573511}
		{E448BABE-79EB-3DCE-B133-FDA2FB1939C4} = {E448BABE-79EB-3DCE-B133-FDA2FB1939C4}
		{B240E8E1-4BFF-3F31-BDAD-008536524EB8} = {B240E8E1-4BFF-3F31-BDAD-008536524EB8}
		{7D2BFAAF-4CD9-358E-BAB4-10EC69DF08BB} = {7D2BFAAF-4CD9-358E-BAB4-10EC69DF08BB}
		{038D627E-0EAB-34FD-901A-60E9EEE20556} = {038D627E-0EAB-34FD-901A-60E9EEE20556}
		{0A00D42C-E660-3581-ACCE-FCFE89A68634} = {0A00D42C-E660-3581-ACCE-FCFE89A68634}
	EndProjectSection
EndProject
Project("{8BC9CEB8-8B4A-11D0-8D11-00A0C91BC942}") = "Diligent-GraphicsEngineD3D12-static", "..\..\..\DiligentCore\Graphics\GraphicsEngineD3D12\Diligent-GraphicsEngineD3D12-static.vcxproj", "{F858EA08-A60B-3DBD-BD6C-87CFF89DA96F}"
	ProjectSection(ProjectDependencies) = postProject
		{0CA151C4-B540-3F74-8846-1A29AAB98B4F} = {0CA151C4-B540-3F74-8846-1A29AAB98B4F}
		{ACD4789B-9CC0-3C3E-8091-F6F8653A85B0} = {ACD4789B-9CC0-3C3E-8091-F6F8653A85B0}
		{9CCA77E5-9CF1-3E40-80FF-0CAA4A0F045B} = {9CCA77E5-9CF1-3E40-80FF-0CAA4A0F045B}
		{1B2504F6-D3DD-3A55-8502-8A2592CAEB0F} = {1B2504F6-D3DD-3A55-8502-8A2592CAEB0F}
		{07A3DD0E-73CA-3349-8614-A7FE934B2A38} = {07A3DD0E-73CA-3349-8614-A7FE934B2A38}
		{3DC2F240-B6F4-321C-86AD-A2EC74E30117} = {3DC2F240-B6F4-321C-86AD-A2EC74E30117}
		{307F487B-DC4E-3D3B-B0B9-78B4A67770B0} = {307F487B-DC4E-3D3B-B0B9-78B4A67770B0}
		{74E2D420-72F2-37F6-AADC-B03BB45503AC} = {74E2D420-72F2-37F6-AADC-B03BB45503AC}
		{7DA82E51-7A22-3642-93B0-6CA6914F4F21} = {7DA82E51-7A22-3642-93B0-6CA6914F4F21}
		{D1CA27C9-1D34-3FEE-A976-34889B573511} = {D1CA27C9-1D34-3FEE-A976-34889B573511}
		{E448BABE-79EB-3DCE-B133-FDA2FB1939C4} = {E448BABE-79EB-3DCE-B133-FDA2FB1939C4}
		{B240E8E1-4BFF-3F31-BDAD-008536524EB8} = {B240E8E1-4BFF-3F31-BDAD-008536524EB8}
		{7D2BFAAF-4CD9-358E-BAB4-10EC69DF08BB} = {7D2BFAAF-4CD9-358E-BAB4-10EC69DF08BB}
		{038D627E-0EAB-34FD-901A-60E9EEE20556} = {038D627E-0EAB-34FD-901A-60E9EEE20556}
		{0A00D42C-E660-3581-ACCE-FCFE89A68634} = {0A00D42C-E660-3581-ACCE-FCFE89A68634}
	EndProjectSection
EndProject
Project("{8BC9CEB8-8B4A-11D0-8D11-00A0C91BC942}") = "Diligent-GraphicsEngineD3DBase", "..\..\..\DiligentCore\Graphics\GraphicsEngineD3DBase\Diligent-GraphicsEngineD3DBase.vcxproj", "{07A3DD0E-73CA-3349-8614-A7FE934B2A38}"
	ProjectSection(ProjectDependencies) = postProject
		{0CA151C4-B540-3F74-8846-1A29AAB98B4F} = {0CA151C4-B540-3F74-8846-1A29AAB98B4F}
		{ACD4789B-9CC0-3C3E-8091-F6F8653A85B0} = {ACD4789B-9CC0-3C3E-8091-F6F8653A85B0}
		{9CCA77E5-9CF1-3E40-80FF-0CAA4A0F045B} = {9CCA77E5-9CF1-3E40-80FF-0CAA4A0F045B}
		{1B2504F6-D3DD-3A55-8502-8A2592CAEB0F} = {1B2504F6-D3DD-3A55-8502-8A2592CAEB0F}
		{307F487B-DC4E-3D3B-B0B9-78B4A67770B0} = {307F487B-DC4E-3D3B-B0B9-78B4A67770B0}
		{74E2D420-72F2-37F6-AADC-B03BB45503AC} = {74E2D420-72F2-37F6-AADC-B03BB45503AC}
		{7DA82E51-7A22-3642-93B0-6CA6914F4F21} = {7DA82E51-7A22-3642-93B0-6CA6914F4F21}
		{D1CA27C9-1D34-3FEE-A976-34889B573511} = {D1CA27C9-1D34-3FEE-A976-34889B573511}
		{E448BABE-79EB-3DCE-B133-FDA2FB1939C4} = {E448BABE-79EB-3DCE-B133-FDA2FB1939C4}
		{B240E8E1-4BFF-3F31-BDAD-008536524EB8} = {B240E8E1-4BFF-3F31-BDAD-008536524EB8}
		{7D2BFAAF-4CD9-358E-BAB4-10EC69DF08BB} = {7D2BFAAF-4CD9-358E-BAB4-10EC69DF08BB}
		{038D627E-0EAB-34FD-901A-60E9EEE20556} = {038D627E-0EAB-34FD-901A-60E9EEE20556}
		{0A00D42C-E660-3581-ACCE-FCFE89A68634} = {0A00D42C-E660-3581-ACCE-FCFE89A68634}
	EndProjectSection
EndProject
Project("{8BC9CEB8-8B4A-11D0-8D11-00A0C91BC942}") = "Diligent-GraphicsEngineNextGenBase", "..\..\..\DiligentCore\Graphics\GraphicsEngineNextGenBase\Diligent-GraphicsEngineNextGenBase.vcxproj", "{3DC2F240-B6F4-321C-86AD-A2EC74E30117}"
	ProjectSection(ProjectDependencies) = postProject
		{0CA151C4-B540-3F74-8846-1A29AAB98B4F} = {0CA151C4-B540-3F74-8846-1A29AAB98B4F}
		{ACD4789B-9CC0-3C3E-8091-F6F8653A85B0} = {ACD4789B-9CC0-3C3E-8091-F6F8653A85B0}
		{9CCA77E5-9CF1-3E40-80FF-0CAA4A0F045B} = {9CCA77E5-9CF1-3E40-80FF-0CAA4A0F045B}
		{1B2504F6-D3DD-3A55-8502-8A2592CAEB0F} = {1B2504F6-D3DD-3A55-8502-8A2592CAEB0F}
		{74E2D420-72F2-37F6-AADC-B03BB45503AC} = {74E2D420-72F2-37F6-AADC-B03BB45503AC}
		{7DA82E51-7A22-3642-93B0-6CA6914F4F21} = {7DA82E51-7A22-3642-93B0-6CA6914F4F21}
		{7D2BFAAF-4CD9-358E-BAB4-10EC69DF08BB} = {7D2BFAAF-4CD9-358E-BAB4-10EC69DF08BB}
	EndProjectSection
EndProject
Project("{8BC9CEB8-8B4A-11D0-8D11-00A0C91BC942}") = "Diligent-GraphicsEngineOpenGL-shared", "..\..\..\DiligentCore\Graphics\GraphicsEngineOpenGL\Diligent-GraphicsEngineOpenGL-shared.vcxproj", "{D6182946-D816-3877-A7FB-770A4B3AC509}"
	ProjectSection(ProjectDependencies) = postProject
		{0CA151C4-B540-3F74-8846-1A29AAB98B4F} = {0CA151C4-B540-3F74-8846-1A29AAB98B4F}
		{ACD4789B-9CC0-3C3E-8091-F6F8653A85B0} = {ACD4789B-9CC0-3C3E-8091-F6F8653A85B0}
		{9CCA77E5-9CF1-3E40-80FF-0CAA4A0F045B} = {9CCA77E5-9CF1-3E40-80FF-0CAA4A0F045B}
		{1B2504F6-D3DD-3A55-8502-8A2592CAEB0F} = {1B2504F6-D3DD-3A55-8502-8A2592CAEB0F}
		{52B79B00-1641-3DE2-9AB5-BE39C880FC12} = {52B79B00-1641-3DE2-9AB5-BE39C880FC12}
		{307F487B-DC4E-3D3B-B0B9-78B4A67770B0} = {307F487B-DC4E-3D3B-B0B9-78B4A67770B0}
		{74E2D420-72F2-37F6-AADC-B03BB45503AC} = {74E2D420-72F2-37F6-AADC-B03BB45503AC}
		{7DA82E51-7A22-3642-93B0-6CA6914F4F21} = {7DA82E51-7A22-3642-93B0-6CA6914F4F21}
		{D1CA27C9-1D34-3FEE-A976-34889B573511} = {D1CA27C9-1D34-3FEE-A976-34889B573511}
		{E448BABE-79EB-3DCE-B133-FDA2FB1939C4} = {E448BABE-79EB-3DCE-B133-FDA2FB1939C4}
		{B240E8E1-4BFF-3F31-BDAD-008536524EB8} = {B240E8E1-4BFF-3F31-BDAD-008536524EB8}
		{7D2BFAAF-4CD9-358E-BAB4-10EC69DF08BB} = {7D2BFAAF-4CD9-358E-BAB4-10EC69DF08BB}
		{099C3EBA-7FFA-3343-98B4-5AA9ADAB68D7} = {099C3EBA-7FFA-3343-98B4-5AA9ADAB68D7}
		{038D627E-0EAB-34FD-901A-60E9EEE20556} = {038D627E-0EAB-34FD-901A-60E9EEE20556}
		{0A00D42C-E660-3581-ACCE-FCFE89A68634} = {0A00D42C-E660-3581-ACCE-FCFE89A68634}
	EndProjectSection
EndProject
Project("{8BC9CEB8-8B4A-11D0-8D11-00A0C91BC942}") = "Diligent-GraphicsEngineOpenGL-static", "..\..\..\DiligentCore\Graphics\GraphicsEngineOpenGL\Diligent-GraphicsEngineOpenGL-static.vcxproj", "{52B79B00-1641-3DE2-9AB5-BE39C880FC12}"
	ProjectSection(ProjectDependencies) = postProject
		{0CA151C4-B540-3F74-8846-1A29AAB98B4F} = {0CA151C4-B540-3F74-8846-1A29AAB98B4F}
		{ACD4789B-9CC0-3C3E-8091-F6F8653A85B0} = {ACD4789B-9CC0-3C3E-8091-F6F8653A85B0}
		{9CCA77E5-9CF1-3E40-80FF-0CAA4A0F045B} = {9CCA77E5-9CF1-3E40-80FF-0CAA4A0F045B}
		{1B2504F6-D3DD-3A55-8502-8A2592CAEB0F} = {1B2504F6-D3DD-3A55-8502-8A2592CAEB0F}
		{307F487B-DC4E-3D3B-B0B9-78B4A67770B0} = {307F487B-DC4E-3D3B-B0B9-78B4A67770B0}
		{74E2D420-72F2-37F6-AADC-B03BB45503AC} = {74E2D420-72F2-37F6-AADC-B03BB45503AC}
		{7DA82E51-7A22-3642-93B0-6CA6914F4F21} = {7DA82E51-7A22-3642-93B0-6CA6914F4F21}
		{D1CA27C9-1D34-3FEE-A976-34889B573511} = {D1CA27C9-1D34-3FEE-A976-34889B573511}
		{E448BABE-79EB-3DCE-B133-FDA2FB1939C4} = {E448BABE-79EB-3DCE-B133-FDA2FB1939C4}
		{B240E8E1-4BFF-3F31-BDAD-008536524EB8} = {B240E8E1-4BFF-3F31-BDAD-008536524EB8}
		{7D2BFAAF-4CD9-358E-BAB4-10EC69DF08BB} = {7D2BFAAF-4CD9-358E-BAB4-10EC69DF08BB}
		{099C3EBA-7FFA-3343-98B4-5AA9ADAB68D7} = {099C3EBA-7FFA-3343-98B4-5AA9ADAB68D7}
		{038D627E-0EAB-34FD-901A-60E9EEE20556} = {038D627E-0EAB-34FD-901A-60E9EEE20556}
		{0A00D42C-E660-3581-ACCE-FCFE89A68634} = {0A00D42C-E660-3581-ACCE-FCFE89A68634}
	EndProjectSection
EndProject
Project("{8BC9CEB8-8B4A-11D0-8D11-00A0C91BC942}") = "Diligent-GraphicsEngineVk-shared", "..\..\..\DiligentCore\Graphics\GraphicsEngineVulkan\Diligent-GraphicsEngineVk-shared.vcxproj", "{E070F764-BAE8-3276-BEE1-1C0A8DA05C0A}"
	ProjectSection(ProjectDependencies) = postProject
		{0CA151C4-B540-3F74-8846-1A29AAB98B4F} = {0CA151C4-B540-3F74-8846-1A29AAB98B4F}
		{ACD4789B-9CC0-3C3E-8091-F6F8653A85B0} = {ACD4789B-9CC0-3C3E-8091-F6F8653A85B0}
		{9CCA77E5-9CF1-3E40-80FF-0CAA4A0F045B} = {9CCA77E5-9CF1-3E40-80FF-0CAA4A0F045B}
		{1B2504F6-D3DD-3A55-8502-8A2592CAEB0F} = {1B2504F6-D3DD-3A55-8502-8A2592CAEB0F}
		{3DC2F240-B6F4-321C-86AD-A2EC74E30117} = {3DC2F240-B6F4-321C-86AD-A2EC74E30117}
		{2749C16B-9BC9-357E-88A3-64256B9F04DE} = {2749C16B-9BC9-357E-88A3-64256B9F04DE}
		{307F487B-DC4E-3D3B-B0B9-78B4A67770B0} = {307F487B-DC4E-3D3B-B0B9-78B4A67770B0}
		{74E2D420-72F2-37F6-AADC-B03BB45503AC} = {74E2D420-72F2-37F6-AADC-B03BB45503AC}
		{7DA82E51-7A22-3642-93B0-6CA6914F4F21} = {7DA82E51-7A22-3642-93B0-6CA6914F4F21}
		{D1CA27C9-1D34-3FEE-A976-34889B573511} = {D1CA27C9-1D34-3FEE-A976-34889B573511}
		{E448BABE-79EB-3DCE-B133-FDA2FB1939C4} = {E448BABE-79EB-3DCE-B133-FDA2FB1939C4}
		{B240E8E1-4BFF-3F31-BDAD-008536524EB8} = {B240E8E1-4BFF-3F31-BDAD-008536524EB8}
		{7D2BFAAF-4CD9-358E-BAB4-10EC69DF08BB} = {7D2BFAAF-4CD9-358E-BAB4-10EC69DF08BB}
		{038D627E-0EAB-34FD-901A-60E9EEE20556} = {038D627E-0EAB-34FD-901A-60E9EEE20556}
		{0A00D42C-E660-3581-ACCE-FCFE89A68634} = {0A00D42C-E660-3581-ACCE-FCFE89A68634}
	EndProjectSection
EndProject
Project("{8BC9CEB8-8B4A-11D0-8D11-00A0C91BC942}") = "Diligent-GraphicsEngineVk-static", "..\..\..\DiligentCore\Graphics\GraphicsEngineVulkan\Diligent-GraphicsEngineVk-static.vcxproj", "{2749C16B-9BC9-357E-88A3-64256B9F04DE}"
	ProjectSection(ProjectDependencies) = postProject
		{0CA151C4-B540-3F74-8846-1A29AAB98B4F} = {0CA151C4-B540-3F74-8846-1A29AAB98B4F}
		{ACD4789B-9CC0-3C3E-8091-F6F8653A85B0} = {ACD4789B-9CC0-3C3E-8091-F6F8653A85B0}
		{9CCA77E5-9CF1-3E40-80FF-0CAA4A0F045B} = {9CCA77E5-9CF1-3E40-80FF-0CAA4A0F045B}
		{1B2504F6-D3DD-3A55-8502-8A2592CAEB0F} = {1B2504F6-D3DD-3A55-8502-8A2592CAEB0F}
		{3DC2F240-B6F4-321C-86AD-A2EC74E30117} = {3DC2F240-B6F4-321C-86AD-A2EC74E30117}
		{307F487B-DC4E-3D3B-B0B9-78B4A67770B0} = {307F487B-DC4E-3D3B-B0B9-78B4A67770B0}
		{74E2D420-72F2-37F6-AADC-B03BB45503AC} = {74E2D420-72F2-37F6-AADC-B03BB45503AC}
		{7DA82E51-7A22-3642-93B0-6CA6914F4F21} = {7DA82E51-7A22-3642-93B0-6CA6914F4F21}
		{D1CA27C9-1D34-3FEE-A976-34889B573511} = {D1CA27C9-1D34-3FEE-A976-34889B573511}
		{E448BABE-79EB-3DCE-B133-FDA2FB1939C4} = {E448BABE-79EB-3DCE-B133-FDA2FB1939C4}
		{B240E8E1-4BFF-3F31-BDAD-008536524EB8} = {B240E8E1-4BFF-3F31-BDAD-008536524EB8}
		{7D2BFAAF-4CD9-358E-BAB4-10EC69DF08BB} = {7D2BFAAF-4CD9-358E-BAB4-10EC69DF08BB}
		{038D627E-0EAB-34FD-901A-60E9EEE20556} = {038D627E-0EAB-34FD-901A-60E9EEE20556}
		{0A00D42C-E660-3581-ACCE-FCFE89A68634} = {0A00D42C-E660-3581-ACCE-FCFE89A68634}
	EndProjectSection
EndProject
Project("{8BC9CEB8-8B4A-11D0-8D11-00A0C91BC942}") = "Diligent-GraphicsTools", "..\..\..\DiligentCore\Graphics\GraphicsTools\Diligent-GraphicsTools.vcxproj", "{F2D0B8C8-BE0B-30B4-87C4-62F12626C40B}"
	ProjectSection(ProjectDependencies) = postProject
		{65749FB4-120D-39D4-9E84-4638D0171E9C} = {65749FB4-120D-39D4-9E84-4638D0171E9C}
		{0CA151C4-B540-3F74-8846-1A29AAB98B4F} = {0CA151C4-B540-3F74-8846-1A29AAB98B4F}
		{ACD4789B-9CC0-3C3E-8091-F6F8653A85B0} = {ACD4789B-9CC0-3C3E-8091-F6F8653A85B0}
		{9CCA77E5-9CF1-3E40-80FF-0CAA4A0F045B} = {9CCA77E5-9CF1-3E40-80FF-0CAA4A0F045B}
		{1B2504F6-D3DD-3A55-8502-8A2592CAEB0F} = {1B2504F6-D3DD-3A55-8502-8A2592CAEB0F}
		{5F74F47B-4717-34E1-A05C-AD7397142745} = {5F74F47B-4717-34E1-A05C-AD7397142745}
		{F858EA08-A60B-3DBD-BD6C-87CFF89DA96F} = {F858EA08-A60B-3DBD-BD6C-87CFF89DA96F}
		{07A3DD0E-73CA-3349-8614-A7FE934B2A38} = {07A3DD0E-73CA-3349-8614-A7FE934B2A38}
		{3DC2F240-B6F4-321C-86AD-A2EC74E30117} = {3DC2F240-B6F4-321C-86AD-A2EC74E30117}
		{52B79B00-1641-3DE2-9AB5-BE39C880FC12} = {52B79B00-1641-3DE2-9AB5-BE39C880FC12}
		{2749C16B-9BC9-357E-88A3-64256B9F04DE} = {2749C16B-9BC9-357E-88A3-64256B9F04DE}
		{307F487B-DC4E-3D3B-B0B9-78B4A67770B0} = {307F487B-DC4E-3D3B-B0B9-78B4A67770B0}
		{74E2D420-72F2-37F6-AADC-B03BB45503AC} = {74E2D420-72F2-37F6-AADC-B03BB45503AC}
		{7DA82E51-7A22-3642-93B0-6CA6914F4F21} = {7DA82E51-7A22-3642-93B0-6CA6914F4F21}
		{D1CA27C9-1D34-3FEE-A976-34889B573511} = {D1CA27C9-1D34-3FEE-A976-34889B573511}
		{E448BABE-79EB-3DCE-B133-FDA2FB1939C4} = {E448BABE-79EB-3DCE-B133-FDA2FB1939C4}
		{B240E8E1-4BFF-3F31-BDAD-008536524EB8} = {B240E8E1-4BFF-3F31-BDAD-008536524EB8}
		{7D2BFAAF-4CD9-358E-BAB4-10EC69DF08BB} = {7D2BFAAF-4CD9-358E-BAB4-10EC69DF08BB}
		{099C3EBA-7FFA-3343-98B4-5AA9ADAB68D7} = {099C3EBA-7FFA-3343-98B4-5AA9ADAB68D7}
		{038D627E-0EAB-34FD-901A-60E9EEE20556} = {038D627E-0EAB-34FD-901A-60E9EEE20556}
		{0A00D42C-E660-3581-ACCE-FCFE89A68634} = {0A00D42C-E660-3581-ACCE-FCFE89A68634}
		{18F9B9AA-2EED-342A-856E-401A462E7B5F} = {18F9B9AA-2EED-342A-856E-401A462E7B5F}
		{642FB8EC-6A7B-372B-B579-58A7265A7264} = {642FB8EC-6A7B-372B-B579-58A7265A7264}
	EndProjectSection
EndProject
Project("{8BC9CEB8-8B4A-11D0-8D11-00A0C91BC942}") = "Diligent-HLSL2GLSLConverterLib", "..\..\..\DiligentCore\Graphics\HLSL2GLSLConverterLib\Diligent-HLSL2GLSLConverterLib.vcxproj", "{307F487B-DC4E-3D3B-B0B9-78B4A67770B0}"
	ProjectSection(ProjectDependencies) = postProject
		{9265A9FA-BCE0-34F3-B6C5-4650B19C23D9} = {9265A9FA-BCE0-34F3-B6C5-4650B19C23D9}
	EndProjectSection
EndProject
Project("{8BC9CEB8-8B4A-11D0-8D11-00A0C91BC942}") = "Diligent-Imgui", "..\..\..\DiligentTools\Imgui\Diligent-Imgui.vcxproj", "{C06B9BB9-3BA9-3E4D-AF4F-7440529381BC}"
	ProjectSection(ProjectDependencies) = postProject
		{65749FB4-120D-39D4-9E84-4638D0171E9C} = {65749FB4-120D-39D4-9E84-4638D0171E9C}
		{0CA151C4-B540-3F74-8846-1A29AAB98B4F} = {0CA151C4-B540-3F74-8846-1A29AAB98B4F}
		{ACD4789B-9CC0-3C3E-8091-F6F8653A85B0} = {ACD4789B-9CC0-3C3E-8091-F6F8653A85B0}
		{9CCA77E5-9CF1-3E40-80FF-0CAA4A0F045B} = {9CCA77E5-9CF1-3E40-80FF-0CAA4A0F045B}
		{1B2504F6-D3DD-3A55-8502-8A2592CAEB0F} = {1B2504F6-D3DD-3A55-8502-8A2592CAEB0F}
		{5F74F47B-4717-34E1-A05C-AD7397142745} = {5F74F47B-4717-34E1-A05C-AD7397142745}
		{F858EA08-A60B-3DBD-BD6C-87CFF89DA96F} = {F858EA08-A60B-3DBD-BD6C-87CFF89DA96F}
		{07A3DD0E-73CA-3349-8614-A7FE934B2A38} = {07A3DD0E-73CA-3349-8614-A7FE934B2A38}
		{3DC2F240-B6F4-321C-86AD-A2EC74E30117} = {3DC2F240-B6F4-321C-86AD-A2EC74E30117}
		{52B79B00-1641-3DE2-9AB5-BE39C880FC12} = {52B79B00-1641-3DE2-9AB5-BE39C880FC12}
		{2749C16B-9BC9-357E-88A3-64256B9F04DE} = {2749C16B-9BC9-357E-88A3-64256B9F04DE}
		{F2D0B8C8-BE0B-30B4-87C4-62F12626C40B} = {F2D0B8C8-BE0B-30B4-87C4-62F12626C40B}
		{307F487B-DC4E-3D3B-B0B9-78B4A67770B0} = {307F487B-DC4E-3D3B-B0B9-78B4A67770B0}
		{74E2D420-72F2-37F6-AADC-B03BB45503AC} = {74E2D420-72F2-37F6-AADC-B03BB45503AC}
		{7DA82E51-7A22-3642-93B0-6CA6914F4F21} = {7DA82E51-7A22-3642-93B0-6CA6914F4F21}
		{D1CA27C9-1D34-3FEE-A976-34889B573511} = {D1CA27C9-1D34-3FEE-A976-34889B573511}
		{E448BABE-79EB-3DCE-B133-FDA2FB1939C4} = {E448BABE-79EB-3DCE-B133-FDA2FB1939C4}
		{B240E8E1-4BFF-3F31-BDAD-008536524EB8} = {B240E8E1-4BFF-3F31-BDAD-008536524EB8}
		{7D2BFAAF-4CD9-358E-BAB4-10EC69DF08BB} = {7D2BFAAF-4CD9-358E-BAB4-10EC69DF08BB}
		{099C3EBA-7FFA-3343-98B4-5AA9ADAB68D7} = {099C3EBA-7FFA-3343-98B4-5AA9ADAB68D7}
		{038D627E-0EAB-34FD-901A-60E9EEE20556} = {038D627E-0EAB-34FD-901A-60E9EEE20556}
		{0A00D42C-E660-3581-ACCE-FCFE89A68634} = {0A00D42C-E660-3581-ACCE-FCFE89A68634}
		{18F9B9AA-2EED-342A-856E-401A462E7B5F} = {18F9B9AA-2EED-342A-856E-401A462E7B5F}
		{642FB8EC-6A7B-372B-B579-58A7265A7264} = {642FB8EC-6A7B-372B-B579-58A7265A7264}
	EndProjectSection
EndProject
Project("{8BC9CEB8-8B4A-11D0-8D11-00A0C91BC942}") = "Diligent-NativeAppBase", "..\..\..\DiligentTools\NativeApp\Diligent-NativeAppBase.vcxproj", "{040DE317-47D4-3F54-9D23-387117B17566}"
	ProjectSection(ProjectDependencies) = postProject
		{0CA151C4-B540-3F74-8846-1A29AAB98B4F} = {0CA151C4-B540-3F74-8846-1A29AAB98B4F}
		{ACD4789B-9CC0-3C3E-8091-F6F8653A85B0} = {ACD4789B-9CC0-3C3E-8091-F6F8653A85B0}
		{74E2D420-72F2-37F6-AADC-B03BB45503AC} = {74E2D420-72F2-37F6-AADC-B03BB45503AC}
		{7DA82E51-7A22-3642-93B0-6CA6914F4F21} = {7DA82E51-7A22-3642-93B0-6CA6914F4F21}
		{7D2BFAAF-4CD9-358E-BAB4-10EC69DF08BB} = {7D2BFAAF-4CD9-358E-BAB4-10EC69DF08BB}
	EndProjectSection
EndProject
Project("{8BC9CEB8-8B4A-11D0-8D11-00A0C91BC942}") = "Diligent-Primitives", "..\..\..\DiligentCore\Primitives\Diligent-Primitives.vcxproj", "{74E2D420-72F2-37F6-AADC-B03BB45503AC}"
	ProjectSection(ProjectDependencies) = postProject
		{7D2BFAAF-4CD9-358E-BAB4-10EC69DF08BB} = {7D2BFAAF-4CD9-358E-BAB4-10EC69DF08BB}
	EndProjectSection
EndProject
Project("{8BC9CEB8-8B4A-11D0-8D11-00A0C91BC942}") = "Diligent-SampleBase", "..\..\SampleBase\Diligent-SampleBase.vcxproj", "{150C8740-B4DE-366E-9358-5D552E9E971A}"
	ProjectSection(ProjectDependencies) = postProject
		{65749FB4-120D-39D4-9E84-4638D0171E9C} = {65749FB4-120D-39D4-9E84-4638D0171E9C}
		{0CA151C4-B540-3F74-8846-1A29AAB98B4F} = {0CA151C4-B540-3F74-8846-1A29AAB98B4F}
		{ACD4789B-9CC0-3C3E-8091-F6F8653A85B0} = {ACD4789B-9CC0-3C3E-8091-F6F8653A85B0}
		{9CCA77E5-9CF1-3E40-80FF-0CAA4A0F045B} = {9CCA77E5-9CF1-3E40-80FF-0CAA4A0F045B}
		{1B2504F6-D3DD-3A55-8502-8A2592CAEB0F} = {1B2504F6-D3DD-3A55-8502-8A2592CAEB0F}
		{3A8763D0-A063-3F9D-8611-41F7D8676489} = {3A8763D0-A063-3F9D-8611-41F7D8676489}
		{5F74F47B-4717-34E1-A05C-AD7397142745} = {5F74F47B-4717-34E1-A05C-AD7397142745}
		{5740C6C5-AD1D-388E-8A66-44921B7E96DB} = {5740C6C5-AD1D-388E-8A66-44921B7E96DB}
		{F858EA08-A60B-3DBD-BD6C-87CFF89DA96F} = {F858EA08-A60B-3DBD-BD6C-87CFF89DA96F}
		{07A3DD0E-73CA-3349-8614-A7FE934B2A38} = {07A3DD0E-73CA-3349-8614-A7FE934B2A38}
		{3DC2F240-B6F4-321C-86AD-A2EC74E30117} = {3DC2F240-B6F4-321C-86AD-A2EC74E30117}
		{D6182946-D816-3877-A7FB-770A4B3AC509} = {D6182946-D816-3877-A7FB-770A4B3AC509}
		{52B79B00-1641-3DE2-9AB5-BE39C880FC12} = {52B79B00-1641-3DE2-9AB5-BE39C880FC12}
		{E070F764-BAE8-3276-BEE1-1C0A8DA05C0A} = {E070F764-BAE8-3276-BEE1-1C0A8DA05C0A}
		{2749C16B-9BC9-357E-88A3-64256B9F04DE} = {2749C16B-9BC9-357E-88A3-64256B9F04DE}
		{F2D0B8C8-BE0B-30B4-87C4-62F12626C40B} = {F2D0B8C8-BE0B-30B4-87C4-62F12626C40B}
		{307F487B-DC4E-3D3B-B0B9-78B4A67770B0} = {307F487B-DC4E-3D3B-B0B9-78B4A67770B0}
		{C06B9BB9-3BA9-3E4D-AF4F-7440529381BC} = {C06B9BB9-3BA9-3E4D-AF4F-7440529381BC}
		{040DE317-47D4-3F54-9D23-387117B17566} = {040DE317-47D4-3F54-9D23-387117B17566}
		{74E2D420-72F2-37F6-AADC-B03BB45503AC} = {74E2D420-72F2-37F6-AADC-B03BB45503AC}
		{4A7698E8-DC1A-354A-AA0B-8C0D2297A3D6} = {4A7698E8-DC1A-354A-AA0B-8C0D2297A3D6}
		{7DA82E51-7A22-3642-93B0-6CA6914F4F21} = {7DA82E51-7A22-3642-93B0-6CA6914F4F21}
		{022AB9C5-B041-3A73-A394-FBB7808AE5F3} = {022AB9C5-B041-3A73-A394-FBB7808AE5F3}
		{0BB8F4BB-0A76-3846-BA30-055084871412} = {0BB8F4BB-0A76-3846-BA30-055084871412}
		{D1CA27C9-1D34-3FEE-A976-34889B573511} = {D1CA27C9-1D34-3FEE-A976-34889B573511}
		{E448BABE-79EB-3DCE-B133-FDA2FB1939C4} = {E448BABE-79EB-3DCE-B133-FDA2FB1939C4}
		{B240E8E1-4BFF-3F31-BDAD-008536524EB8} = {B240E8E1-4BFF-3F31-BDAD-008536524EB8}
		{7D2BFAAF-4CD9-358E-BAB4-10EC69DF08BB} = {7D2BFAAF-4CD9-358E-BAB4-10EC69DF08BB}
		{EE3634AD-E303-343E-A413-695F87E84001} = {EE3634AD-E303-343E-A413-695F87E84001}
		{099C3EBA-7FFA-3343-98B4-5AA9ADAB68D7} = {099C3EBA-7FFA-3343-98B4-5AA9ADAB68D7}
		{038D627E-0EAB-34FD-901A-60E9EEE20556} = {038D627E-0EAB-34FD-901A-60E9EEE20556}
		{4AE35C2C-3213-3B00-8CED-97075A49BA99} = {4AE35C2C-3213-3B00-8CED-97075A49BA99}
		{0A00D42C-E660-3581-ACCE-FCFE89A68634} = {0A00D42C-E660-3581-ACCE-FCFE89A68634}
		{18F9B9AA-2EED-342A-856E-401A462E7B5F} = {18F9B9AA-2EED-342A-856E-401A462E7B5F}
		{642FB8EC-6A7B-372B-B579-58A7265A7264} = {642FB8EC-6A7B-372B-B579-58A7265A7264}
	EndProjectSection
EndProject
Project("{8BC9CEB8-8B4A-11D0-8D11-00A0C91BC942}") = "Diligent-ShaderTools", "..\..\..\DiligentCore\Graphics\ShaderTools\Diligent-ShaderTools.vcxproj", "{9265A9FA-BCE0-34F3-B6C5-4650B19C23D9}"
	ProjectSection(ProjectDependencies) = postProject
		{0CA151C4-B540-3F74-8846-1A29AAB98B4F} = {0CA151C4-B540-3F74-8846-1A29AAB98B4F}
		{ACD4789B-9CC0-3C3E-8091-F6F8653A85B0} = {ACD4789B-9CC0-3C3E-8091-F6F8653A85B0}
		{9CCA77E5-9CF1-3E40-80FF-0CAA4A0F045B} = {9CCA77E5-9CF1-3E40-80FF-0CAA4A0F045B}
		{1B2504F6-D3DD-3A55-8502-8A2592CAEB0F} = {1B2504F6-D3DD-3A55-8502-8A2592CAEB0F}
		{74E2D420-72F2-37F6-AADC-B03BB45503AC} = {74E2D420-72F2-37F6-AADC-B03BB45503AC}
		{7DA82E51-7A22-3642-93B0-6CA6914F4F21} = {7DA82E51-7A22-3642-93B0-6CA6914F4F21}
		{D1CA27C9-1D34-3FEE-A976-34889B573511} = {D1CA27C9-1D34-3FEE-A976-34889B573511}
		{E448BABE-79EB-3DCE-B133-FDA2FB1939C4} = {E448BABE-79EB-3DCE-B133-FDA2FB1939C4}
		{B240E8E1-4BFF-3F31-BDAD-008536524EB8} = {B240E8E1-4BFF-3F31-BDAD-008536524EB8}
		{7D2BFAAF-4CD9-358E-BAB4-10EC69DF08BB} = {7D2BFAAF-4CD9-358E-BAB4-10EC69DF08BB}
		{038D627E-0EAB-34FD-901A-60E9EEE20556} = {038D627E-0EAB-34FD-901A-60E9EEE20556}
		{0A00D42C-E660-3581-ACCE-FCFE89A68634} = {0A00D42C-E660-3581-ACCE-FCFE89A68634}
	EndProjectSection
EndProject
Project("{8BC9CEB8-8B4A-11D0-8D11-00A0C91BC942}") = "Diligent-TextureLoader", "..\..\..\DiligentTools\TextureLoader\Diligent-TextureLoader.vcxproj", "{4A7698E8-DC1A-354A-AA0B-8C0D2297A3D6}"
	ProjectSection(ProjectDependencies) = postProject
		{65749FB4-120D-39D4-9E84-4638D0171E9C} = {65749FB4-120D-39D4-9E84-4638D0171E9C}
		{0CA151C4-B540-3F74-8846-1A29AAB98B4F} = {0CA151C4-B540-3F74-8846-1A29AAB98B4F}
		{ACD4789B-9CC0-3C3E-8091-F6F8653A85B0} = {ACD4789B-9CC0-3C3E-8091-F6F8653A85B0}
		{9CCA77E5-9CF1-3E40-80FF-0CAA4A0F045B} = {9CCA77E5-9CF1-3E40-80FF-0CAA4A0F045B}
		{1B2504F6-D3DD-3A55-8502-8A2592CAEB0F} = {1B2504F6-D3DD-3A55-8502-8A2592CAEB0F}
		{5F74F47B-4717-34E1-A05C-AD7397142745} = {5F74F47B-4717-34E1-A05C-AD7397142745}
		{F858EA08-A60B-3DBD-BD6C-87CFF89DA96F} = {F858EA08-A60B-3DBD-BD6C-87CFF89DA96F}
		{07A3DD0E-73CA-3349-8614-A7FE934B2A38} = {07A3DD0E-73CA-3349-8614-A7FE934B2A38}
		{3DC2F240-B6F4-321C-86AD-A2EC74E30117} = {3DC2F240-B6F4-321C-86AD-A2EC74E30117}
		{52B79B00-1641-3DE2-9AB5-BE39C880FC12} = {52B79B00-1641-3DE2-9AB5-BE39C880FC12}
		{2749C16B-9BC9-357E-88A3-64256B9F04DE} = {2749C16B-9BC9-357E-88A3-64256B9F04DE}
		{F2D0B8C8-BE0B-30B4-87C4-62F12626C40B} = {F2D0B8C8-BE0B-30B4-87C4-62F12626C40B}
		{307F487B-DC4E-3D3B-B0B9-78B4A67770B0} = {307F487B-DC4E-3D3B-B0B9-78B4A67770B0}
		{74E2D420-72F2-37F6-AADC-B03BB45503AC} = {74E2D420-72F2-37F6-AADC-B03BB45503AC}
		{7DA82E51-7A22-3642-93B0-6CA6914F4F21} = {7DA82E51-7A22-3642-93B0-6CA6914F4F21}
		{022AB9C5-B041-3A73-A394-FBB7808AE5F3} = {022AB9C5-B041-3A73-A394-FBB7808AE5F3}
		{0BB8F4BB-0A76-3846-BA30-055084871412} = {0BB8F4BB-0A76-3846-BA30-055084871412}
		{D1CA27C9-1D34-3FEE-A976-34889B573511} = {D1CA27C9-1D34-3FEE-A976-34889B573511}
		{E448BABE-79EB-3DCE-B133-FDA2FB1939C4} = {E448BABE-79EB-3DCE-B133-FDA2FB1939C4}
		{B240E8E1-4BFF-3F31-BDAD-008536524EB8} = {B240E8E1-4BFF-3F31-BDAD-008536524EB8}
		{7D2BFAAF-4CD9-358E-BAB4-10EC69DF08BB} = {7D2BFAAF-4CD9-358E-BAB4-10EC69DF08BB}
		{EE3634AD-E303-343E-A413-695F87E84001} = {EE3634AD-E303-343E-A413-695F87E84001}
		{099C3EBA-7FFA-3343-98B4-5AA9ADAB68D7} = {099C3EBA-7FFA-3343-98B4-5AA9ADAB68D7}
		{038D627E-0EAB-34FD-901A-60E9EEE20556} = {038D627E-0EAB-34FD-901A-60E9EEE20556}
		{4AE35C2C-3213-3B00-8CED-97075A49BA99} = {4AE35C2C-3213-3B00-8CED-97075A49BA99}
		{0A00D42C-E660-3581-ACCE-FCFE89A68634} = {0A00D42C-E660-3581-ACCE-FCFE89A68634}
		{18F9B9AA-2EED-342A-856E-401A462E7B5F} = {18F9B9AA-2EED-342A-856E-401A462E7B5F}
		{642FB8EC-6A7B-372B-B579-58A7265A7264} = {642FB8EC-6A7B-372B-B579-58A7265A7264}
	EndProjectSection
EndProject
Project("{8BC9CEB8-8B4A-11D0-8D11-00A0C91BC942}") = "Diligent-Win32Platform", "..\..\..\DiligentCore\Platforms\Win32\Diligent-Win32Platform.vcxproj", "{7DA82E51-7A22-3642-93B0-6CA6914F4F21}"
	ProjectSection(ProjectDependencies) = postProject
		{0CA151C4-B540-3F74-8846-1A29AAB98B4F} = {0CA151C4-B540-3F74-8846-1A29AAB98B4F}
		{74E2D420-72F2-37F6-AADC-B03BB45503AC} = {74E2D420-72F2-37F6-AADC-B03BB45503AC}
		{7D2BFAAF-4CD9-358E-BAB4-10EC69DF08BB} = {7D2BFAAF-4CD9-358E-BAB4-10EC69DF08BB}
	EndProjectSection
EndProject
Project("{8BC9CEB8-8B4A-11D0-8D11-00A0C91BC942}") = "INSTALL", "INSTALL.vcxproj", "{07322D36-09DE-363E-9D15-C4B5DF70FB04}"
	ProjectSection(ProjectDependencies) = postProject
		{9086CD0F-E657-3201-B4A8-2269E2597136} = {9086CD0F-E657-3201-B4A8-2269E2597136}
		{7D2BFAAF-4CD9-358E-BAB4-10EC69DF08BB} = {7D2BFAAF-4CD9-358E-BAB4-10EC69DF08BB}
	EndProjectSection
EndProject
Project("{8BC9CEB8-8B4A-11D0-8D11-00A0C91BC942}") = "LibJpeg", "..\..\..\DiligentTools\ThirdParty\libjpeg-9e\LibJpeg.vcxproj", "{022AB9C5-B041-3A73-A394-FBB7808AE5F3}"
	ProjectSection(ProjectDependencies) = postProject
		{7D2BFAAF-4CD9-358E-BAB4-10EC69DF08BB} = {7D2BFAAF-4CD9-358E-BAB4-10EC69DF08BB}
	EndProjectSection
EndProject
Project("{8BC9CEB8-8B4A-11D0-8D11-00A0C91BC942}") = "LibTiff", "..\..\..\DiligentTools\ThirdParty\libtiff\LibTiff.vcxproj", "{0BB8F4BB-0A76-3846-BA30-055084871412}"
	ProjectSection(ProjectDependencies) = postProject
		{7D2BFAAF-4CD9-358E-BAB4-10EC69DF08BB} = {7D2BFAAF-4CD9-358E-BAB4-10EC69DF08BB}
	EndProjectSection
EndProject
Project("{8BC9CEB8-8B4A-11D0-8D11-00A0C91BC942}") = "PACKAGE", "PACKAGE.vcxproj", "{A25E1734-1498-3DFD-AD63-8F1D15BA89B1}"
	ProjectSection(ProjectDependencies) = postProject
		{9086CD0F-E657-3201-B4A8-2269E2597136} = {9086CD0F-E657-3201-B4A8-2269E2597136}
		{7D2BFAAF-4CD9-358E-BAB4-10EC69DF08BB} = {7D2BFAAF-4CD9-358E-BAB4-10EC69DF08BB}
	EndProjectSection
EndProject
Project("{8BC9CEB8-8B4A-11D0-8D11-00A0C91BC942}") = "SPIRV", "..\..\..\DiligentCore\ThirdParty\glslang\SPIRV\SPIRV.vcxproj", "{D1CA27C9-1D34-3FEE-A976-34889B573511}"
	ProjectSection(ProjectDependencies) = postProject
		{E448BABE-79EB-3DCE-B133-FDA2FB1939C4} = {E448BABE-79EB-3DCE-B133-FDA2FB1939C4}
		{B240E8E1-4BFF-3F31-BDAD-008536524EB8} = {B240E8E1-4BFF-3F31-BDAD-008536524EB8}
		{7D2BFAAF-4CD9-358E-BAB4-10EC69DF08BB} = {7D2BFAAF-4CD9-358E-BAB4-10EC69DF08BB}
	EndProjectSection
EndProject
Project("{8BC9CEB8-8B4A-11D0-8D11-00A0C91BC942}") = "SPIRV-Tools-opt", "..\..\..\DiligentCore\ThirdParty\SPIRV-Tools\source\opt\SPIRV-Tools-opt.vcxproj", "{E448BABE-79EB-3DCE-B133-FDA2FB1939C4}"
	ProjectSection(ProjectDependencies) = postProject
		{B240E8E1-4BFF-3F31-BDAD-008536524EB8} = {B240E8E1-4BFF-3F31-BDAD-008536524EB8}
		{7D2BFAAF-4CD9-358E-BAB4-10EC69DF08BB} = {7D2BFAAF-4CD9-358E-BAB4-10EC69DF08BB}
	EndProjectSection
EndProject
Project("{8BC9CEB8-8B4A-11D0-8D11-00A0C91BC942}") = "SPIRV-Tools-static", "..\..\..\DiligentCore\ThirdParty\SPIRV-Tools\source\SPIRV-Tools-static.vcxproj", "{B240E8E1-4BFF-3F31-BDAD-008536524EB8}"
	ProjectSection(ProjectDependencies) = postProject
		{7D2BFAAF-4CD9-358E-BAB4-10EC69DF08BB} = {7D2BFAAF-4CD9-358E-BAB4-10EC69DF08BB}
		{207E01CE-9F69-34E6-AF2C-56FCFACB629F} = {207E01CE-9F69-34E6-AF2C-56FCFACB629F}
		{B65D572C-2EF5-3C4E-83E4-DE73F2BC7147} = {B65D572C-2EF5-3C4E-83E4-DE73F2BC7147}
		{BF0CE1FF-547A-36DB-AC5E-0E14C493EA49} = {BF0CE1FF-547A-36DB-AC5E-0E14C493EA49}
		{B6002723-BD25-3CFA-9295-6DA072E09ED5} = {B6002723-BD25-3CFA-9295-6DA072E09ED5}
	EndProjectSection
EndProject
Project("{8BC9CEB8-8B4A-11D0-8D11-00A0C91BC942}") = "Tutorial02_Cube", "Tutorial02_Cube.vcxproj", "{BFAFC5FB-B396-3768-9F79-C851ED57AC05}"
	ProjectSection(ProjectDependencies) = postProject
		{7DE68996-F5B3-36F0-99A8-56512D9564EE} = {7DE68996-F5B3-36F0-99A8-56512D9564EE}
		{65749FB4-120D-39D4-9E84-4638D0171E9C} = {65749FB4-120D-39D4-9E84-4638D0171E9C}
		{0CA151C4-B540-3F74-8846-1A29AAB98B4F} = {0CA151C4-B540-3F74-8846-1A29AAB98B4F}
		{ACD4789B-9CC0-3C3E-8091-F6F8653A85B0} = {ACD4789B-9CC0-3C3E-8091-F6F8653A85B0}
		{9CCA77E5-9CF1-3E40-80FF-0CAA4A0F045B} = {9CCA77E5-9CF1-3E40-80FF-0CAA4A0F045B}
		{1B2504F6-D3DD-3A55-8502-8A2592CAEB0F} = {1B2504F6-D3DD-3A55-8502-8A2592CAEB0F}
		{3A8763D0-A063-3F9D-8611-41F7D8676489} = {3A8763D0-A063-3F9D-8611-41F7D8676489}
		{5F74F47B-4717-34E1-A05C-AD7397142745} = {5F74F47B-4717-34E1-A05C-AD7397142745}
		{5740C6C5-AD1D-388E-8A66-44921B7E96DB} = {5740C6C5-AD1D-388E-8A66-44921B7E96DB}
		{F858EA08-A60B-3DBD-BD6C-87CFF89DA96F} = {F858EA08-A60B-3DBD-BD6C-87CFF89DA96F}
		{07A3DD0E-73CA-3349-8614-A7FE934B2A38} = {07A3DD0E-73CA-3349-8614-A7FE934B2A38}
		{3DC2F240-B6F4-321C-86AD-A2EC74E30117} = {3DC2F240-B6F4-321C-86AD-A2EC74E30117}
		{D6182946-D816-3877-A7FB-770A4B3AC509} = {D6182946-D816-3877-A7FB-770A4B3AC509}
		{52B79B00-1641-3DE2-9AB5-BE39C880FC12} = {52B79B00-1641-3DE2-9AB5-BE39C880FC12}
		{E070F764-BAE8-3276-BEE1-1C0A8DA05C0A} = {E070F764-BAE8-3276-BEE1-1C0A8DA05C0A}
		{2749C16B-9BC9-357E-88A3-64256B9F04DE} = {2749C16B-9BC9-357E-88A3-64256B9F04DE}
		{F2D0B8C8-BE0B-30B4-87C4-62F12626C40B} = {F2D0B8C8-BE0B-30B4-87C4-62F12626C40B}
		{307F487B-DC4E-3D3B-B0B9-78B4A67770B0} = {307F487B-DC4E-3D3B-B0B9-78B4A67770B0}
		{C06B9BB9-3BA9-3E4D-AF4F-7440529381BC} = {C06B9BB9-3BA9-3E4D-AF4F-7440529381BC}
		{040DE317-47D4-3F54-9D23-387117B17566} = {040DE317-47D4-3F54-9D23-387117B17566}
		{74E2D420-72F2-37F6-AADC-B03BB45503AC} = {74E2D420-72F2-37F6-AADC-B03BB45503AC}
		{150C8740-B4DE-366E-9358-5D552E9E971A} = {150C8740-B4DE-366E-9358-5D552E9E971A}
		{4A7698E8-DC1A-354A-AA0B-8C0D2297A3D6} = {4A7698E8-DC1A-354A-AA0B-8C0D2297A3D6}
		{7DA82E51-7A22-3642-93B0-6CA6914F4F21} = {7DA82E51-7A22-3642-93B0-6CA6914F4F21}
		{022AB9C5-B041-3A73-A394-FBB7808AE5F3} = {022AB9C5-B041-3A73-A394-FBB7808AE5F3}
		{0BB8F4BB-0A76-3846-BA30-055084871412} = {0BB8F4BB-0A76-3846-BA30-055084871412}
		{D1CA27C9-1D34-3FEE-A976-34889B573511} = {D1CA27C9-1D34-3FEE-A976-34889B573511}
		{E448BABE-79EB-3DCE-B133-FDA2FB1939C4} = {E448BABE-79EB-3DCE-B133-FDA2FB1939C4}
		{B240E8E1-4BFF-3F31-BDAD-008536524EB8} = {B240E8E1-4BFF-3F31-BDAD-008536524EB8}
		{7D2BFAAF-4CD9-358E-BAB4-10EC69DF08BB} = {7D2BFAAF-4CD9-358E-BAB4-10EC69DF08BB}
		{EE3634AD-E303-343E-A413-695F87E84001} = {EE3634AD-E303-343E-A413-695F87E84001}
		{099C3EBA-7FFA-3343-98B4-5AA9ADAB68D7} = {099C3EBA-7FFA-3343-98B4-5AA9ADAB68D7}
		{038D627E-0EAB-34FD-901A-60E9EEE20556} = {038D627E-0EAB-34FD-901A-60E9EEE20556}
		{4AE35C2C-3213-3B00-8CED-97075A49BA99} = {4AE35C2C-3213-3B00-8CED-97075A49BA99}
		{0A00D42C-E660-3581-ACCE-FCFE89A68634} = {0A00D42C-E660-3581-ACCE-FCFE89A68634}
		{18F9B9AA-2EED-342A-856E-401A462E7B5F} = {18F9B9AA-2EED-342A-856E-401A462E7B5F}
		{642FB8EC-6A7B-372B-B579-58A7265A7264} = {642FB8EC-6A7B-372B-B579-58A7265A7264}
	EndProjectSection
EndProject
Project("{8BC9CEB8-8B4A-11D0-8D11-00A0C91BC942}") = "ZERO_CHECK", "..\..\..\\ZERO_CHECK.vcxproj", "{7D2BFAAF-4CD9-358E-BAB4-10EC69DF08BB}"
	ProjectSection(ProjectDependencies) = postProject
	EndProjectSection
EndProject
Project("{8BC9CEB8-8B4A-11D0-8D11-00A0C91BC942}") = "ZLib", "..\..\..\DiligentTools\ThirdParty\ZLib.vcxproj", "{EE3634AD-E303-343E-A413-695F87E84001}"
	ProjectSection(ProjectDependencies) = postProject
		{7D2BFAAF-4CD9-358E-BAB4-10EC69DF08BB} = {7D2BFAAF-4CD9-358E-BAB4-10EC69DF08BB}
	EndProjectSection
EndProject
Project("{8BC9CEB8-8B4A-11D0-8D11-00A0C91BC942}") = "core_tables", "..\..\..\DiligentCore\ThirdParty\SPIRV-Tools\source\core_tables.vcxproj", "{207E01CE-9F69-34E6-AF2C-56FCFACB629F}"
	ProjectSection(ProjectDependencies) = postProject
		{7D2BFAAF-4CD9-358E-BAB4-10EC69DF08BB} = {7D2BFAAF-4CD9-358E-BAB4-10EC69DF08BB}
	EndProjectSection
EndProject
Project("{8BC9CEB8-8B4A-11D0-8D11-00A0C91BC942}") = "enum_string_mapping", "..\..\..\DiligentCore\ThirdParty\SPIRV-Tools\source\enum_string_mapping.vcxproj", "{B65D572C-2EF5-3C4E-83E4-DE73F2BC7147}"
	ProjectSection(ProjectDependencies) = postProject
		{7D2BFAAF-4CD9-358E-BAB4-10EC69DF08BB} = {7D2BFAAF-4CD9-358E-BAB4-10EC69DF08BB}
	EndProjectSection
EndProject
Project("{8BC9CEB8-8B4A-11D0-8D11-00A0C91BC942}") = "extinst_tables", "..\..\..\DiligentCore\ThirdParty\SPIRV-Tools\source\extinst_tables.vcxproj", "{BF0CE1FF-547A-36DB-AC5E-0E14C493EA49}"
	ProjectSection(ProjectDependencies) = postProject
		{7D2BFAAF-4CD9-358E-BAB4-10EC69DF08BB} = {7D2BFAAF-4CD9-358E-BAB4-10EC69DF08BB}
		{6F2B6058-F396-39CA-87B8-93B23062037E} = {6F2B6058-F396-39CA-87B8-93B23062037E}
		{02D7D85F-EA89-37E9-B3AD-10C59170715D} = {02D7D85F-EA89-37E9-B3AD-10C59170715D}
		{84656A48-F5F5-3356-BEDD-887CA2B47800} = {84656A48-F5F5-3356-BEDD-887CA2B47800}
		{18CA0CA7-1944-3AFF-88BC-64A0631640EF} = {18CA0CA7-1944-3AFF-88BC-64A0631640EF}
		{F01CBAD4-0929-344D-B546-F27E690981CA} = {F01CBAD4-0929-344D-B546-F27E690981CA}
		{556ADC53-F6C6-36F8-A31B-404CBCA565FD} = {556ADC53-F6C6-36F8-A31B-404CBCA565FD}
		{F1CDCB4E-FE77-3457-BC19-EDE51358FA65} = {F1CDCB4E-FE77-3457-BC19-EDE51358FA65}
		{1FECFA73-8E41-3AB0-85D5-A40EC88F1348} = {1FECFA73-8E41-3AB0-85D5-A40EC88F1348}
		{3DE78823-052B-3E65-ABDC-5E711B93166B} = {3DE78823-052B-3E65-ABDC-5E711B93166B}
		{BF861EC8-1CF8-3813-9370-B93359C0E412} = {BF861EC8-1CF8-3813-9370-B93359C0E412}
		{E6219CF8-7174-3836-B863-AF718C394F62} = {E6219CF8-7174-3836-B863-AF718C394F62}
		{9D23441A-D86B-3BD1-AB7E-E56662982FDC} = {9D23441A-D86B-3BD1-AB7E-E56662982FDC}
	EndProjectSection
EndProject
Project("{8BC9CEB8-8B4A-11D0-8D11-00A0C91BC942}") = "glew-static", "..\..\..\DiligentCore\ThirdParty\glew\glew-static.vcxproj", "{099C3EBA-7FFA-3343-98B4-5AA9ADAB68D7}"
	ProjectSection(ProjectDependencies) = postProject
		{7D2BFAAF-4CD9-358E-BAB4-10EC69DF08BB} = {7D2BFAAF-4CD9-358E-BAB4-10EC69DF08BB}
	EndProjectSection
EndProject
Project("{8BC9CEB8-8B4A-11D0-8D11-00A0C91BC942}") = "glslang", "..\..\..\DiligentCore\ThirdParty\glslang\glslang\glslang.vcxproj", "{038D627E-0EAB-34FD-901A-60E9EEE20556}"
	ProjectSection(ProjectDependencies) = postProject
		{E448BABE-79EB-3DCE-B133-FDA2FB1939C4} = {E448BABE-79EB-3DCE-B133-FDA2FB1939C4}
		{B240E8E1-4BFF-3F31-BDAD-008536524EB8} = {B240E8E1-4BFF-3F31-BDAD-008536524EB8}
		{7D2BFAAF-4CD9-358E-BAB4-10EC69DF08BB} = {7D2BFAAF-4CD9-358E-BAB4-10EC69DF08BB}
	EndProjectSection
EndProject
Project("{8BC9CEB8-8B4A-11D0-8D11-00A0C91BC942}") = "png_genfiles", "..\..\..\DiligentTools\ThirdParty\libpng\png_genfiles.vcxproj", "{638D8328-22BD-37E6-A55E-83F1E4C48E00}"
	ProjectSection(ProjectDependencies) = postProject
		{7D2BFAAF-4CD9-358E-BAB4-10EC69DF08BB} = {7D2BFAAF-4CD9-358E-BAB4-10EC69DF08BB}
	EndProjectSection
EndProject
Project("{8BC9CEB8-8B4A-11D0-8D11-00A0C91BC942}") = "png_static", "..\..\..\DiligentTools\ThirdParty\libpng\png_static.vcxproj", "{4AE35C2C-3213-3B00-8CED-97075A49BA99}"
	ProjectSection(ProjectDependencies) = postProject
		{7D2BFAAF-4CD9-358E-BAB4-10EC69DF08BB} = {7D2BFAAF-4CD9-358E-BAB4-10EC69DF08BB}
		{EE3634AD-E303-343E-A413-695F87E84001} = {EE3634AD-E303-343E-A413-695F87E84001}
		{638D8328-22BD-37E6-A55E-83F1E4C48E00} = {638D8328-22BD-37E6-A55E-83F1E4C48E00}
	EndProjectSection
EndProject
Project("{8BC9CEB8-8B4A-11D0-8D11-00A0C91BC942}") = "spirv-cross-core", "..\..\..\DiligentCore\ThirdParty\SPIRV-Cross\spirv-cross-core.vcxproj", "{0A00D42C-E660-3581-ACCE-FCFE89A68634}"
	ProjectSection(ProjectDependencies) = postProject
		{7D2BFAAF-4CD9-358E-BAB4-10EC69DF08BB} = {7D2BFAAF-4CD9-358E-BAB4-10EC69DF08BB}
	EndProjectSection
EndProject
Project("{8BC9CEB8-8B4A-11D0-8D11-00A0C91BC942}") = "spirv-cross-glsl", "..\..\..\DiligentCore\ThirdParty\SPIRV-Cross\spirv-cross-glsl.vcxproj", "{18F9B9AA-2EED-342A-856E-401A462E7B5F}"
	ProjectSection(ProjectDependencies) = postProject
		{7D2BFAAF-4CD9-358E-BAB4-10EC69DF08BB} = {7D2BFAAF-4CD9-358E-BAB4-10EC69DF08BB}
		{0A00D42C-E660-3581-ACCE-FCFE89A68634} = {0A00D42C-E660-3581-ACCE-FCFE89A68634}
	EndProjectSection
EndProject
Project("{8BC9CEB8-8B4A-11D0-8D11-00A0C91BC942}") = "spirv-tools-build-version", "..\..\..\DiligentCore\ThirdParty\SPIRV-Tools\source\spirv-tools-build-version.vcxproj", "{B6002723-BD25-3CFA-9295-6DA072E09ED5}"
	ProjectSection(ProjectDependencies) = postProject
		{7D2BFAAF-4CD9-358E-BAB4-10EC69DF08BB} = {7D2BFAAF-4CD9-358E-BAB4-10EC69DF08BB}
	EndProjectSection
EndProject
Project("{8BC9CEB8-8B4A-11D0-8D11-00A0C91BC942}") = "spirv-tools-header-DebugInfo", "..\..\..\DiligentCore\ThirdParty\SPIRV-Tools\source\spirv-tools-header-DebugInfo.vcxproj", "{6F2B6058-F396-39CA-87B8-93B23062037E}"
	ProjectSection(ProjectDependencies) = postProject
		{7D2BFAAF-4CD9-358E-BAB4-10EC69DF08BB} = {7D2BFAAF-4CD9-358E-BAB4-10EC69DF08BB}
	EndProjectSection
EndProject
Project("{8BC9CEB8-8B4A-11D0-8D11-00A0C91BC942}") = "spirv-tools-header-NonSemanticShaderDebugInfo100", "..\..\..\DiligentCore\ThirdParty\SPIRV-Tools\source\spirv-tools-header-NonSemanticShaderDebugInfo100.vcxproj", "{02D7D85F-EA89-37E9-B3AD-10C59170715D}"
	ProjectSection(ProjectDependencies) = postProject
		{7D2BFAAF-4CD9-358E-BAB4-10EC69DF08BB} = {7D2BFAAF-4CD9-358E-BAB4-10EC69DF08BB}
	EndProjectSection
EndProject
Project("{8BC9CEB8-8B4A-11D0-8D11-00A0C91BC942}") = "spirv-tools-header-OpenCLDebugInfo100", "..\..\..\DiligentCore\ThirdParty\SPIRV-Tools\source\spirv-tools-header-OpenCLDebugInfo100.vcxproj", "{84656A48-F5F5-3356-BEDD-887CA2B47800}"
	ProjectSection(ProjectDependencies) = postProject
		{7D2BFAAF-4CD9-358E-BAB4-10EC69DF08BB} = {7D2BFAAF-4CD9-358E-BAB4-10EC69DF08BB}
	EndProjectSection
EndProject
Project("{8BC9CEB8-8B4A-11D0-8D11-00A0C91BC942}") = "spv-tools-cldi100", "..\..\..\DiligentCore\ThirdParty\SPIRV-Tools\source\spv-tools-cldi100.vcxproj", "{18CA0CA7-1944-3AFF-88BC-64A0631640EF}"
	ProjectSection(ProjectDependencies) = postProject
		{7D2BFAAF-4CD9-358E-BAB4-10EC69DF08BB} = {7D2BFAAF-4CD9-358E-BAB4-10EC69DF08BB}
	EndProjectSection
EndProject
Project("{8BC9CEB8-8B4A-11D0-8D11-00A0C91BC942}") = "spv-tools-clspvreflection", "..\..\..\DiligentCore\ThirdParty\SPIRV-Tools\source\spv-tools-clspvreflection.vcxproj", "{F01CBAD4-0929-344D-B546-F27E690981CA}"
	ProjectSection(ProjectDependencies) = postProject
		{7D2BFAAF-4CD9-358E-BAB4-10EC69DF08BB} = {7D2BFAAF-4CD9-358E-BAB4-10EC69DF08BB}
	EndProjectSection
EndProject
Project("{8BC9CEB8-8B4A-11D0-8D11-00A0C91BC942}") = "spv-tools-debuginfo", "..\..\..\DiligentCore\ThirdParty\SPIRV-Tools\source\spv-tools-debuginfo.vcxproj", "{556ADC53-F6C6-36F8-A31B-404CBCA565FD}"
	ProjectSection(ProjectDependencies) = postProject
		{7D2BFAAF-4CD9-358E-BAB4-10EC69DF08BB} = {7D2BFAAF-4CD9-358E-BAB4-10EC69DF08BB}
	EndProjectSection
EndProject
Project("{8BC9CEB8-8B4A-11D0-8D11-00A0C91BC942}") = "spv-tools-shdi100", "..\..\..\DiligentCore\ThirdParty\SPIRV-Tools\source\spv-tools-shdi100.vcxproj", "{F1CDCB4E-FE77-3457-BC19-EDE51358FA65}"
	ProjectSection(ProjectDependencies) = postProject
		{7D2BFAAF-4CD9-358E-BAB4-10EC69DF08BB} = {7D2BFAAF-4CD9-358E-BAB4-10EC69DF08BB}
	EndProjectSection
EndProject
Project("{8BC9CEB8-8B4A-11D0-8D11-00A0C91BC942}") = "spv-tools-spv-amd-gs", "..\..\..\DiligentCore\ThirdParty\SPIRV-Tools\source\spv-tools-spv-amd-gs.vcxproj", "{1FECFA73-8E41-3AB0-85D5-A40EC88F1348}"
	ProjectSection(ProjectDependencies) = postProject
		{7D2BFAAF-4CD9-358E-BAB4-10EC69DF08BB} = {7D2BFAAF-4CD9-358E-BAB4-10EC69DF08BB}
	EndProjectSection
EndProject
Project("{8BC9CEB8-8B4A-11D0-8D11-00A0C91BC942}") = "spv-tools-spv-amd-sb", "..\..\..\DiligentCore\ThirdParty\SPIRV-Tools\source\spv-tools-spv-amd-sb.vcxproj", "{3DE78823-052B-3E65-ABDC-5E711B93166B}"
	ProjectSection(ProjectDependencies) = postProject
		{7D2BFAAF-4CD9-358E-BAB4-10EC69DF08BB} = {7D2BFAAF-4CD9-358E-BAB4-10EC69DF08BB}
	EndProjectSection
EndProject
Project("{8BC9CEB8-8B4A-11D0-8D11-00A0C91BC942}") = "spv-tools-spv-amd-sevp", "..\..\..\DiligentCore\ThirdParty\SPIRV-Tools\source\spv-tools-spv-amd-sevp.vcxproj", "{BF861EC8-1CF8-3813-9370-B93359C0E412}"
	ProjectSection(ProjectDependencies) = postProject
		{7D2BFAAF-4CD9-358E-BAB4-10EC69DF08BB} = {7D2BFAAF-4CD9-358E-BAB4-10EC69DF08BB}
	EndProjectSection
EndProject
Project("{8BC9CEB8-8B4A-11D0-8D11-00A0C91BC942}") = "spv-tools-spv-amd-stm", "..\..\..\DiligentCore\ThirdParty\SPIRV-Tools\source\spv-tools-spv-amd-stm.vcxproj", "{E6219CF8-7174-3836-B863-AF718C394F62}"
	ProjectSection(ProjectDependencies) = postProject
		{7D2BFAAF-4CD9-358E-BAB4-10EC69DF08BB} = {7D2BFAAF-4CD9-358E-BAB4-10EC69DF08BB}
	EndProjectSection
EndProject
Project("{8BC9CEB8-8B4A-11D0-8D11-00A0C91BC942}") = "spv-tools-vkspreflection", "..\..\..\DiligentCore\ThirdParty\SPIRV-Tools\source\spv-tools-vkspreflection.vcxproj", "{9D23441A-D86B-3BD1-AB7E-E56662982FDC}"
	ProjectSection(ProjectDependencies) = postProject
		{7D2BFAAF-4CD9-358E-BAB4-10EC69DF08BB} = {7D2BFAAF-4CD9-358E-BAB4-10EC69DF08BB}
	EndProjectSection
EndProject
Project("{8BC9CEB8-8B4A-11D0-8D11-00A0C91BC942}") = "xxhash", "..\..\..\DiligentCore\ThirdParty\xxHash\cmake_unofficial\xxhash.vcxproj", "{642FB8EC-6A7B-372B-B579-58A7265A7264}"
	ProjectSection(ProjectDependencies) = postProject
		{7D2BFAAF-4CD9-358E-BAB4-10EC69DF08BB} = {7D2BFAAF-4CD9-358E-BAB4-10EC69DF08BB}
	EndProjectSection
EndProject
Global
	GlobalSection(SolutionConfigurationPlatforms) = preSolution
		Debug|x64 = Debug|x64
		Release|x64 = Release|x64
		MinSizeRel|x64 = MinSizeRel|x64
		RelWithDebInfo|x64 = RelWithDebInfo|x64
	EndGlobalSection
	GlobalSection(ProjectConfigurationPlatforms) = postSolution
		{9086CD0F-E657-3201-B4A8-2269E2597136}.Debug|x64.ActiveCfg = Debug|x64
		{9086CD0F-E657-3201-B4A8-2269E2597136}.Debug|x64.Build.0 = Debug|x64
		{9086CD0F-E657-3201-B4A8-2269E2597136}.Release|x64.ActiveCfg = Release|x64
		{9086CD0F-E657-3201-B4A8-2269E2597136}.Release|x64.Build.0 = Release|x64
		{9086CD0F-E657-3201-B4A8-2269E2597136}.MinSizeRel|x64.ActiveCfg = MinSizeRel|x64
		{9086CD0F-E657-3201-B4A8-2269E2597136}.MinSizeRel|x64.Build.0 = MinSizeRel|x64
		{9086CD0F-E657-3201-B4A8-2269E2597136}.RelWithDebInfo|x64.ActiveCfg = RelWithDebInfo|x64
		{9086CD0F-E657-3201-B4A8-2269E2597136}.RelWithDebInfo|x64.Build.0 = RelWithDebInfo|x64
		{7DE68996-F5B3-36F0-99A8-56512D9564EE}.Debug|x64.ActiveCfg = Debug|x64
		{7DE68996-F5B3-36F0-99A8-56512D9564EE}.Debug|x64.Build.0 = Debug|x64
		{7DE68996-F5B3-36F0-99A8-56512D9564EE}.Release|x64.ActiveCfg = Release|x64
		{7DE68996-F5B3-36F0-99A8-56512D9564EE}.Release|x64.Build.0 = Release|x64
		{7DE68996-F5B3-36F0-99A8-56512D9564EE}.MinSizeRel|x64.ActiveCfg = MinSizeRel|x64
		{7DE68996-F5B3-36F0-99A8-56512D9564EE}.MinSizeRel|x64.Build.0 = MinSizeRel|x64
		{7DE68996-F5B3-36F0-99A8-56512D9564EE}.RelWithDebInfo|x64.ActiveCfg = RelWithDebInfo|x64
		{7DE68996-F5B3-36F0-99A8-56512D9564EE}.RelWithDebInfo|x64.Build.0 = RelWithDebInfo|x64
		{65749FB4-120D-39D4-9E84-4638D0171E9C}.Debug|x64.ActiveCfg = Debug|x64
		{65749FB4-120D-39D4-9E84-4638D0171E9C}.Debug|x64.Build.0 = Debug|x64
		{65749FB4-120D-39D4-9E84-4638D0171E9C}.Release|x64.ActiveCfg = Release|x64
		{65749FB4-120D-39D4-9E84-4638D0171E9C}.Release|x64.Build.0 = Release|x64
		{65749FB4-120D-39D4-9E84-4638D0171E9C}.MinSizeRel|x64.ActiveCfg = MinSizeRel|x64
		{65749FB4-120D-39D4-9E84-4638D0171E9C}.MinSizeRel|x64.Build.0 = MinSizeRel|x64
		{65749FB4-120D-39D4-9E84-4638D0171E9C}.RelWithDebInfo|x64.ActiveCfg = RelWithDebInfo|x64
		{65749FB4-120D-39D4-9E84-4638D0171E9C}.RelWithDebInfo|x64.Build.0 = RelWithDebInfo|x64
		{0CA151C4-B540-3F74-8846-1A29AAB98B4F}.Debug|x64.ActiveCfg = Debug|x64
		{0CA151C4-B540-3F74-8846-1A29AAB98B4F}.Debug|x64.Build.0 = Debug|x64
		{0CA151C4-B540-3F74-8846-1A29AAB98B4F}.Release|x64.ActiveCfg = Release|x64
		{0CA151C4-B540-3F74-8846-1A29AAB98B4F}.Release|x64.Build.0 = Release|x64
		{0CA151C4-B540-3F74-8846-1A29AAB98B4F}.MinSizeRel|x64.ActiveCfg = MinSizeRel|x64
		{0CA151C4-B540-3F74-8846-1A29AAB98B4F}.MinSizeRel|x64.Build.0 = MinSizeRel|x64
		{0CA151C4-B540-3F74-8846-1A29AAB98B4F}.RelWithDebInfo|x64.ActiveCfg = RelWithDebInfo|x64
		{0CA151C4-B540-3F74-8846-1A29AAB98B4F}.RelWithDebInfo|x64.Build.0 = RelWithDebInfo|x64
		{ACD4789B-9CC0-3C3E-8091-F6F8653A85B0}.Debug|x64.ActiveCfg = Debug|x64
		{ACD4789B-9CC0-3C3E-8091-F6F8653A85B0}.Debug|x64.Build.0 = Debug|x64
		{ACD4789B-9CC0-3C3E-8091-F6F8653A85B0}.Release|x64.ActiveCfg = Release|x64
		{ACD4789B-9CC0-3C3E-8091-F6F8653A85B0}.Release|x64.Build.0 = Release|x64
		{ACD4789B-9CC0-3C3E-8091-F6F8653A85B0}.MinSizeRel|x64.ActiveCfg = MinSizeRel|x64
		{ACD4789B-9CC0-3C3E-8091-F6F8653A85B0}.MinSizeRel|x64.Build.0 = MinSizeRel|x64
		{ACD4789B-9CC0-3C3E-8091-F6F8653A85B0}.RelWithDebInfo|x64.ActiveCfg = RelWithDebInfo|x64
		{ACD4789B-9CC0-3C3E-8091-F6F8653A85B0}.RelWithDebInfo|x64.Build.0 = RelWithDebInfo|x64
		{9CCA77E5-9CF1-3E40-80FF-0CAA4A0F045B}.Debug|x64.ActiveCfg = Debug|x64
		{9CCA77E5-9CF1-3E40-80FF-0CAA4A0F045B}.Debug|x64.Build.0 = Debug|x64
		{9CCA77E5-9CF1-3E40-80FF-0CAA4A0F045B}.Release|x64.ActiveCfg = Release|x64
		{9CCA77E5-9CF1-3E40-80FF-0CAA4A0F045B}.Release|x64.Build.0 = Release|x64
		{9CCA77E5-9CF1-3E40-80FF-0CAA4A0F045B}.MinSizeRel|x64.ActiveCfg = MinSizeRel|x64
		{9CCA77E5-9CF1-3E40-80FF-0CAA4A0F045B}.MinSizeRel|x64.Build.0 = MinSizeRel|x64
		{9CCA77E5-9CF1-3E40-80FF-0CAA4A0F045B}.RelWithDebInfo|x64.ActiveCfg = RelWithDebInfo|x64
		{9CCA77E5-9CF1-3E40-80FF-0CAA4A0F045B}.RelWithDebInfo|x64.Build.0 = RelWithDebInfo|x64
		{1B2504F6-D3DD-3A55-8502-8A2592CAEB0F}.Debug|x64.ActiveCfg = Debug|x64
		{1B2504F6-D3DD-3A55-8502-8A2592CAEB0F}.Debug|x64.Build.0 = Debug|x64
		{1B2504F6-D3DD-3A55-8502-8A2592CAEB0F}.Release|x64.ActiveCfg = Release|x64
		{1B2504F6-D3DD-3A55-8502-8A2592CAEB0F}.Release|x64.Build.0 = Release|x64
		{1B2504F6-D3DD-3A55-8502-8A2592CAEB0F}.MinSizeRel|x64.ActiveCfg = MinSizeRel|x64
		{1B2504F6-D3DD-3A55-8502-8A2592CAEB0F}.MinSizeRel|x64.Build.0 = MinSizeRel|x64
		{1B2504F6-D3DD-3A55-8502-8A2592CAEB0F}.RelWithDebInfo|x64.ActiveCfg = RelWithDebInfo|x64
		{1B2504F6-D3DD-3A55-8502-8A2592CAEB0F}.RelWithDebInfo|x64.Build.0 = RelWithDebInfo|x64
		{3A8763D0-A063-3F9D-8611-41F7D8676489}.Debug|x64.ActiveCfg = Debug|x64
		{3A8763D0-A063-3F9D-8611-41F7D8676489}.Debug|x64.Build.0 = Debug|x64
		{3A8763D0-A063-3F9D-8611-41F7D8676489}.Release|x64.ActiveCfg = Release|x64
		{3A8763D0-A063-3F9D-8611-41F7D8676489}.Release|x64.Build.0 = Release|x64
		{3A8763D0-A063-3F9D-8611-41F7D8676489}.MinSizeRel|x64.ActiveCfg = MinSizeRel|x64
		{3A8763D0-A063-3F9D-8611-41F7D8676489}.MinSizeRel|x64.Build.0 = MinSizeRel|x64
		{3A8763D0-A063-3F9D-8611-41F7D8676489}.RelWithDebInfo|x64.ActiveCfg = RelWithDebInfo|x64
		{3A8763D0-A063-3F9D-8611-41F7D8676489}.RelWithDebInfo|x64.Build.0 = RelWithDebInfo|x64
		{5F74F47B-4717-34E1-A05C-AD7397142745}.Debug|x64.ActiveCfg = Debug|x64
		{5F74F47B-4717-34E1-A05C-AD7397142745}.Debug|x64.Build.0 = Debug|x64
		{5F74F47B-4717-34E1-A05C-AD7397142745}.Release|x64.ActiveCfg = Release|x64
		{5F74F47B-4717-34E1-A05C-AD7397142745}.Release|x64.Build.0 = Release|x64
		{5F74F47B-4717-34E1-A05C-AD7397142745}.MinSizeRel|x64.ActiveCfg = MinSizeRel|x64
		{5F74F47B-4717-34E1-A05C-AD7397142745}.MinSizeRel|x64.Build.0 = MinSizeRel|x64
		{5F74F47B-4717-34E1-A05C-AD7397142745}.RelWithDebInfo|x64.ActiveCfg = RelWithDebInfo|x64
		{5F74F47B-4717-34E1-A05C-AD7397142745}.RelWithDebInfo|x64.Build.0 = RelWithDebInfo|x64
		{5740C6C5-AD1D-388E-8A66-44921B7E96DB}.Debug|x64.ActiveCfg = Debug|x64
		{5740C6C5-AD1D-388E-8A66-44921B7E96DB}.Debug|x64.Build.0 = Debug|x64
		{5740C6C5-AD1D-388E-8A66-44921B7E96DB}.Release|x64.ActiveCfg = Release|x64
		{5740C6C5-AD1D-388E-8A66-44921B7E96DB}.Release|x64.Build.0 = Release|x64
		{5740C6C5-AD1D-388E-8A66-44921B7E96DB}.MinSizeRel|x64.ActiveCfg = MinSizeRel|x64
		{5740C6C5-AD1D-388E-8A66-44921B7E96DB}.MinSizeRel|x64.Build.0 = MinSizeRel|x64
		{5740C6C5-AD1D-388E-8A66-44921B7E96DB}.RelWithDebInfo|x64.ActiveCfg = RelWithDebInfo|x64
		{5740C6C5-AD1D-388E-8A66-44921B7E96DB}.RelWithDebInfo|x64.Build.0 = RelWithDebInfo|x64
		{F858EA08-A60B-3DBD-BD6C-87CFF89DA96F}.Debug|x64.ActiveCfg = Debug|x64
		{F858EA08-A60B-3DBD-BD6C-87CFF89DA96F}.Debug|x64.Build.0 = Debug|x64
		{F858EA08-A60B-3DBD-BD6C-87CFF89DA96F}.Release|x64.ActiveCfg = Release|x64
		{F858EA08-A60B-3DBD-BD6C-87CFF89DA96F}.Release|x64.Build.0 = Release|x64
		{F858EA08-A60B-3DBD-BD6C-87CFF89DA96F}.MinSizeRel|x64.ActiveCfg = MinSizeRel|x64
		{F858EA08-A60B-3DBD-BD6C-87CFF89DA96F}.MinSizeRel|x64.Build.0 = MinSizeRel|x64
		{F858EA08-A60B-3DBD-BD6C-87CFF89DA96F}.RelWithDebInfo|x64.ActiveCfg = RelWithDebInfo|x64
		{F858EA08-A60B-3DBD-BD6C-87CFF89DA96F}.RelWithDebInfo|x64.Build.0 = RelWithDebInfo|x64
		{07A3DD0E-73CA-3349-8614-A7FE934B2A38}.Debug|x64.ActiveCfg = Debug|x64
		{07A3DD0E-73CA-3349-8614-A7FE934B2A38}.Debug|x64.Build.0 = Debug|x64
		{07A3DD0E-73CA-3349-8614-A7FE934B2A38}.Release|x64.ActiveCfg = Release|x64
		{07A3DD0E-73CA-3349-8614-A7FE934B2A38}.Release|x64.Build.0 = Release|x64
		{07A3DD0E-73CA-3349-8614-A7FE934B2A38}.MinSizeRel|x64.ActiveCfg = MinSizeRel|x64
		{07A3DD0E-73CA-3349-8614-A7FE934B2A38}.MinSizeRel|x64.Build.0 = MinSizeRel|x64
		{07A3DD0E-73CA-3349-8614-A7FE934B2A38}.RelWithDebInfo|x64.ActiveCfg = RelWithDebInfo|x64
		{07A3DD0E-73CA-3349-8614-A7FE934B2A38}.RelWithDebInfo|x64.Build.0 = RelWithDebInfo|x64
		{3DC2F240-B6F4-321C-86AD-A2EC74E30117}.Debug|x64.ActiveCfg = Debug|x64
		{3DC2F240-B6F4-321C-86AD-A2EC74E30117}.Debug|x64.Build.0 = Debug|x64
		{3DC2F240-B6F4-321C-86AD-A2EC74E30117}.Release|x64.ActiveCfg = Release|x64
		{3DC2F240-B6F4-321C-86AD-A2EC74E30117}.Release|x64.Build.0 = Release|x64
		{3DC2F240-B6F4-321C-86AD-A2EC74E30117}.MinSizeRel|x64.ActiveCfg = MinSizeRel|x64
		{3DC2F240-B6F4-321C-86AD-A2EC74E30117}.MinSizeRel|x64.Build.0 = MinSizeRel|x64
		{3DC2F240-B6F4-321C-86AD-A2EC74E30117}.RelWithDebInfo|x64.ActiveCfg = RelWithDebInfo|x64
		{3DC2F240-B6F4-321C-86AD-A2EC74E30117}.RelWithDebInfo|x64.Build.0 = RelWithDebInfo|x64
		{D6182946-D816-3877-A7FB-770A4B3AC509}.Debug|x64.ActiveCfg = Debug|x64
		{D6182946-D816-3877-A7FB-770A4B3AC509}.Debug|x64.Build.0 = Debug|x64
		{D6182946-D816-3877-A7FB-770A4B3AC509}.Release|x64.ActiveCfg = Release|x64
		{D6182946-D816-3877-A7FB-770A4B3AC509}.Release|x64.Build.0 = Release|x64
		{D6182946-D816-3877-A7FB-770A4B3AC509}.MinSizeRel|x64.ActiveCfg = MinSizeRel|x64
		{D6182946-D816-3877-A7FB-770A4B3AC509}.MinSizeRel|x64.Build.0 = MinSizeRel|x64
		{D6182946-D816-3877-A7FB-770A4B3AC509}.RelWithDebInfo|x64.ActiveCfg = RelWithDebInfo|x64
		{D6182946-D816-3877-A7FB-770A4B3AC509}.RelWithDebInfo|x64.Build.0 = RelWithDebInfo|x64
		{52B79B00-1641-3DE2-9AB5-BE39C880FC12}.Debug|x64.ActiveCfg = Debug|x64
		{52B79B00-1641-3DE2-9AB5-BE39C880FC12}.Debug|x64.Build.0 = Debug|x64
		{52B79B00-1641-3DE2-9AB5-BE39C880FC12}.Release|x64.ActiveCfg = Release|x64
		{52B79B00-1641-3DE2-9AB5-BE39C880FC12}.Release|x64.Build.0 = Release|x64
		{52B79B00-1641-3DE2-9AB5-BE39C880FC12}.MinSizeRel|x64.ActiveCfg = MinSizeRel|x64
		{52B79B00-1641-3DE2-9AB5-BE39C880FC12}.MinSizeRel|x64.Build.0 = MinSizeRel|x64
		{52B79B00-1641-3DE2-9AB5-BE39C880FC12}.RelWithDebInfo|x64.ActiveCfg = RelWithDebInfo|x64
		{52B79B00-1641-3DE2-9AB5-BE39C880FC12}.RelWithDebInfo|x64.Build.0 = RelWithDebInfo|x64
		{E070F764-BAE8-3276-BEE1-1C0A8DA05C0A}.Debug|x64.ActiveCfg = Debug|x64
		{E070F764-BAE8-3276-BEE1-1C0A8DA05C0A}.Debug|x64.Build.0 = Debug|x64
		{E070F764-BAE8-3276-BEE1-1C0A8DA05C0A}.Release|x64.ActiveCfg = Release|x64
		{E070F764-BAE8-3276-BEE1-1C0A8DA05C0A}.Release|x64.Build.0 = Release|x64
		{E070F764-BAE8-3276-BEE1-1C0A8DA05C0A}.MinSizeRel|x64.ActiveCfg = MinSizeRel|x64
		{E070F764-BAE8-3276-BEE1-1C0A8DA05C0A}.MinSizeRel|x64.Build.0 = MinSizeRel|x64
		{E070F764-BAE8-3276-BEE1-1C0A8DA05C0A}.RelWithDebInfo|x64.ActiveCfg = RelWithDebInfo|x64
		{E070F764-BAE8-3276-BEE1-1C0A8DA05C0A}.RelWithDebInfo|x64.Build.0 = RelWithDebInfo|x64
		{2749C16B-9BC9-357E-88A3-64256B9F04DE}.Debug|x64.ActiveCfg = Debug|x64
		{2749C16B-9BC9-357E-88A3-64256B9F04DE}.Debug|x64.Build.0 = Debug|x64
		{2749C16B-9BC9-357E-88A3-64256B9F04DE}.Release|x64.ActiveCfg = Release|x64
		{2749C16B-9BC9-357E-88A3-64256B9F04DE}.Release|x64.Build.0 = Release|x64
		{2749C16B-9BC9-357E-88A3-64256B9F04DE}.MinSizeRel|x64.ActiveCfg = MinSizeRel|x64
		{2749C16B-9BC9-357E-88A3-64256B9F04DE}.MinSizeRel|x64.Build.0 = MinSizeRel|x64
		{2749C16B-9BC9-357E-88A3-64256B9F04DE}.RelWithDebInfo|x64.ActiveCfg = RelWithDebInfo|x64
		{2749C16B-9BC9-357E-88A3-64256B9F04DE}.RelWithDebInfo|x64.Build.0 = RelWithDebInfo|x64
		{F2D0B8C8-BE0B-30B4-87C4-62F12626C40B}.Debug|x64.ActiveCfg = Debug|x64
		{F2D0B8C8-BE0B-30B4-87C4-62F12626C40B}.Debug|x64.Build.0 = Debug|x64
		{F2D0B8C8-BE0B-30B4-87C4-62F12626C40B}.Release|x64.ActiveCfg = Release|x64
		{F2D0B8C8-BE0B-30B4-87C4-62F12626C40B}.Release|x64.Build.0 = Release|x64
		{F2D0B8C8-BE0B-30B4-87C4-62F12626C40B}.MinSizeRel|x64.ActiveCfg = MinSizeRel|x64
		{F2D0B8C8-BE0B-30B4-87C4-62F12626C40B}.MinSizeRel|x64.Build.0 = MinSizeRel|x64
		{F2D0B8C8-BE0B-30B4-87C4-62F12626C40B}.RelWithDebInfo|x64.ActiveCfg = RelWithDebInfo|x64
		{F2D0B8C8-BE0B-30B4-87C4-62F12626C40B}.RelWithDebInfo|x64.Build.0 = RelWithDebInfo|x64
		{307F487B-DC4E-3D3B-B0B9-78B4A67770B0}.Debug|x64.ActiveCfg = Debug|x64
		{307F487B-DC4E-3D3B-B0B9-78B4A67770B0}.Debug|x64.Build.0 = Debug|x64
		{307F487B-DC4E-3D3B-B0B9-78B4A67770B0}.Release|x64.ActiveCfg = Release|x64
		{307F487B-DC4E-3D3B-B0B9-78B4A67770B0}.Release|x64.Build.0 = Release|x64
		{307F487B-DC4E-3D3B-B0B9-78B4A67770B0}.MinSizeRel|x64.ActiveCfg = MinSizeRel|x64
		{307F487B-DC4E-3D3B-B0B9-78B4A67770B0}.MinSizeRel|x64.Build.0 = MinSizeRel|x64
		{307F487B-DC4E-3D3B-B0B9-78B4A67770B0}.RelWithDebInfo|x64.ActiveCfg = RelWithDebInfo|x64
		{307F487B-DC4E-3D3B-B0B9-78B4A67770B0}.RelWithDebInfo|x64.Build.0 = RelWithDebInfo|x64
		{C06B9BB9-3BA9-3E4D-AF4F-7440529381BC}.Debug|x64.ActiveCfg = Debug|x64
		{C06B9BB9-3BA9-3E4D-AF4F-7440529381BC}.Debug|x64.Build.0 = Debug|x64
		{C06B9BB9-3BA9-3E4D-AF4F-7440529381BC}.Release|x64.ActiveCfg = Release|x64
		{C06B9BB9-3BA9-3E4D-AF4F-7440529381BC}.Release|x64.Build.0 = Release|x64
		{C06B9BB9-3BA9-3E4D-AF4F-7440529381BC}.MinSizeRel|x64.ActiveCfg = MinSizeRel|x64
		{C06B9BB9-3BA9-3E4D-AF4F-7440529381BC}.MinSizeRel|x64.Build.0 = MinSizeRel|x64
		{C06B9BB9-3BA9-3E4D-AF4F-7440529381BC}.RelWithDebInfo|x64.ActiveCfg = RelWithDebInfo|x64
		{C06B9BB9-3BA9-3E4D-AF4F-7440529381BC}.RelWithDebInfo|x64.Build.0 = RelWithDebInfo|x64
		{040DE317-47D4-3F54-9D23-387117B17566}.Debug|x64.ActiveCfg = Debug|x64
		{040DE317-47D4-3F54-9D23-387117B17566}.Debug|x64.Build.0 = Debug|x64
		{040DE317-47D4-3F54-9D23-387117B17566}.Release|x64.ActiveCfg = Release|x64
		{040DE317-47D4-3F54-9D23-387117B17566}.Release|x64.Build.0 = Release|x64
		{040DE317-47D4-3F54-9D23-387117B17566}.MinSizeRel|x64.ActiveCfg = MinSizeRel|x64
		{040DE317-47D4-3F54-9D23-387117B17566}.MinSizeRel|x64.Build.0 = MinSizeRel|x64
		{040DE317-47D4-3F54-9D23-387117B17566}.RelWithDebInfo|x64.ActiveCfg = RelWithDebInfo|x64
		{040DE317-47D4-3F54-9D23-387117B17566}.RelWithDebInfo|x64.Build.0 = RelWithDebInfo|x64
		{74E2D420-72F2-37F6-AADC-B03BB45503AC}.Debug|x64.ActiveCfg = Debug|x64
		{74E2D420-72F2-37F6-AADC-B03BB45503AC}.Debug|x64.Build.0 = Debug|x64
		{74E2D420-72F2-37F6-AADC-B03BB45503AC}.Release|x64.ActiveCfg = Release|x64
		{74E2D420-72F2-37F6-AADC-B03BB45503AC}.Release|x64.Build.0 = Release|x64
		{74E2D420-72F2-37F6-AADC-B03BB45503AC}.MinSizeRel|x64.ActiveCfg = MinSizeRel|x64
		{74E2D420-72F2-37F6-AADC-B03BB45503AC}.MinSizeRel|x64.Build.0 = MinSizeRel|x64
		{74E2D420-72F2-37F6-AADC-B03BB45503AC}.RelWithDebInfo|x64.ActiveCfg = RelWithDebInfo|x64
		{74E2D420-72F2-37F6-AADC-B03BB45503AC}.RelWithDebInfo|x64.Build.0 = RelWithDebInfo|x64
		{150C8740-B4DE-366E-9358-5D552E9E971A}.Debug|x64.ActiveCfg = Debug|x64
		{150C8740-B4DE-366E-9358-5D552E9E971A}.Debug|x64.Build.0 = Debug|x64
		{150C8740-B4DE-366E-9358-5D552E9E971A}.Release|x64.ActiveCfg = Release|x64
		{150C8740-B4DE-366E-9358-5D552E9E971A}.Release|x64.Build.0 = Release|x64
		{150C8740-B4DE-366E-9358-5D552E9E971A}.MinSizeRel|x64.ActiveCfg = MinSizeRel|x64
		{150C8740-B4DE-366E-9358-5D552E9E971A}.MinSizeRel|x64.Build.0 = MinSizeRel|x64
		{150C8740-B4DE-366E-9358-5D552E9E971A}.RelWithDebInfo|x64.ActiveCfg = RelWithDebInfo|x64
		{150C8740-B4DE-366E-9358-5D552E9E971A}.RelWithDebInfo|x64.Build.0 = RelWithDebInfo|x64
		{9265A9FA-BCE0-34F3-B6C5-4650B19C23D9}.Debug|x64.ActiveCfg = Debug|x64
		{9265A9FA-BCE0-34F3-B6C5-4650B19C23D9}.Debug|x64.Build.0 = Debug|x64
		{9265A9FA-BCE0-34F3-B6C5-4650B19C23D9}.Release|x64.ActiveCfg = Release|x64
		{9265A9FA-BCE0-34F3-B6C5-4650B19C23D9}.Release|x64.Build.0 = Release|x64
		{9265A9FA-BCE0-34F3-B6C5-4650B19C23D9}.MinSizeRel|x64.ActiveCfg = MinSizeRel|x64
		{9265A9FA-BCE0-34F3-B6C5-4650B19C23D9}.MinSizeRel|x64.Build.0 = MinSizeRel|x64
		{9265A9FA-BCE0-34F3-B6C5-4650B19C23D9}.RelWithDebInfo|x64.ActiveCfg = RelWithDebInfo|x64
		{9265A9FA-BCE0-34F3-B6C5-4650B19C23D9}.RelWithDebInfo|x64.Build.0 = RelWithDebInfo|x64
		{4A7698E8-DC1A-354A-AA0B-8C0D2297A3D6}.Debug|x64.ActiveCfg = Debug|x64
		{4A7698E8-DC1A-354A-AA0B-8C0D2297A3D6}.Debug|x64.Build.0 = Debug|x64
		{4A7698E8-DC1A-354A-AA0B-8C0D2297A3D6}.Release|x64.ActiveCfg = Release|x64
		{4A7698E8-DC1A-354A-AA0B-8C0D2297A3D6}.Release|x64.Build.0 = Release|x64
		{4A7698E8-DC1A-354A-AA0B-8C0D2297A3D6}.MinSizeRel|x64.ActiveCfg = MinSizeRel|x64
		{4A7698E8-DC1A-354A-AA0B-8C0D2297A3D6}.MinSizeRel|x64.Build.0 = MinSizeRel|x64
		{4A7698E8-DC1A-354A-AA0B-8C0D2297A3D6}.RelWithDebInfo|x64.ActiveCfg = RelWithDebInfo|x64
		{4A7698E8-DC1A-354A-AA0B-8C0D2297A3D6}.RelWithDebInfo|x64.Build.0 = RelWithDebInfo|x64
		{7DA82E51-7A22-3642-93B0-6CA6914F4F21}.Debug|x64.ActiveCfg = Debug|x64
		{7DA82E51-7A22-3642-93B0-6CA6914F4F21}.Debug|x64.Build.0 = Debug|x64
		{7DA82E51-7A22-3642-93B0-6CA6914F4F21}.Release|x64.ActiveCfg = Release|x64
		{7DA82E51-7A22-3642-93B0-6CA6914F4F21}.Release|x64.Build.0 = Release|x64
		{7DA82E51-7A22-3642-93B0-6CA6914F4F21}.MinSizeRel|x64.ActiveCfg = MinSizeRel|x64
		{7DA82E51-7A22-3642-93B0-6CA6914F4F21}.MinSizeRel|x64.Build.0 = MinSizeRel|x64
		{7DA82E51-7A22-3642-93B0-6CA6914F4F21}.RelWithDebInfo|x64.ActiveCfg = RelWithDebInfo|x64
		{7DA82E51-7A22-3642-93B0-6CA6914F4F21}.RelWithDebInfo|x64.Build.0 = RelWithDebInfo|x64
		{07322D36-09DE-363E-9D15-C4B5DF70FB04}.Debug|x64.ActiveCfg = Debug|x64
		{07322D36-09DE-363E-9D15-C4B5DF70FB04}.Release|x64.ActiveCfg = Release|x64
		{07322D36-09DE-363E-9D15-C4B5DF70FB04}.MinSizeRel|x64.ActiveCfg = MinSizeRel|x64
		{07322D36-09DE-363E-9D15-C4B5DF70FB04}.RelWithDebInfo|x64.ActiveCfg = RelWithDebInfo|x64
		{022AB9C5-B041-3A73-A394-FBB7808AE5F3}.Debug|x64.ActiveCfg = Debug|x64
		{022AB9C5-B041-3A73-A394-FBB7808AE5F3}.Debug|x64.Build.0 = Debug|x64
		{022AB9C5-B041-3A73-A394-FBB7808AE5F3}.Release|x64.ActiveCfg = Release|x64
		{022AB9C5-B041-3A73-A394-FBB7808AE5F3}.Release|x64.Build.0 = Release|x64
		{022AB9C5-B041-3A73-A394-FBB7808AE5F3}.MinSizeRel|x64.ActiveCfg = MinSizeRel|x64
		{022AB9C5-B041-3A73-A394-FBB7808AE5F3}.MinSizeRel|x64.Build.0 = MinSizeRel|x64
		{022AB9C5-B041-3A73-A394-FBB7808AE5F3}.RelWithDebInfo|x64.ActiveCfg = RelWithDebInfo|x64
		{022AB9C5-B041-3A73-A394-FBB7808AE5F3}.RelWithDebInfo|x64.Build.0 = RelWithDebInfo|x64
		{0BB8F4BB-0A76-3846-BA30-055084871412}.Debug|x64.ActiveCfg = Debug|x64
		{0BB8F4BB-0A76-3846-BA30-055084871412}.Debug|x64.Build.0 = Debug|x64
		{0BB8F4BB-0A76-3846-BA30-055084871412}.Release|x64.ActiveCfg = Release|x64
		{0BB8F4BB-0A76-3846-BA30-055084871412}.Release|x64.Build.0 = Release|x64
		{0BB8F4BB-0A76-3846-BA30-055084871412}.MinSizeRel|x64.ActiveCfg = MinSizeRel|x64
		{0BB8F4BB-0A76-3846-BA30-055084871412}.MinSizeRel|x64.Build.0 = MinSizeRel|x64
		{0BB8F4BB-0A76-3846-BA30-055084871412}.RelWithDebInfo|x64.ActiveCfg = RelWithDebInfo|x64
		{0BB8F4BB-0A76-3846-BA30-055084871412}.RelWithDebInfo|x64.Build.0 = RelWithDebInfo|x64
		{A25E1734-1498-3DFD-AD63-8F1D15BA89B1}.Debug|x64.ActiveCfg = Debug|x64
		{A25E1734-1498-3DFD-AD63-8F1D15BA89B1}.Release|x64.ActiveCfg = Release|x64
		{A25E1734-1498-3DFD-AD63-8F1D15BA89B1}.MinSizeRel|x64.ActiveCfg = MinSizeRel|x64
		{A25E1734-1498-3DFD-AD63-8F1D15BA89B1}.RelWithDebInfo|x64.ActiveCfg = RelWithDebInfo|x64
		{D1CA27C9-1D34-3FEE-A976-34889B573511}.Debug|x64.ActiveCfg = Debug|x64
		{D1CA27C9-1D34-3FEE-A976-34889B573511}.Debug|x64.Build.0 = Debug|x64
		{D1CA27C9-1D34-3FEE-A976-34889B573511}.Release|x64.ActiveCfg = Release|x64
		{D1CA27C9-1D34-3FEE-A976-34889B573511}.Release|x64.Build.0 = Release|x64
		{D1CA27C9-1D34-3FEE-A976-34889B573511}.MinSizeRel|x64.ActiveCfg = MinSizeRel|x64
		{D1CA27C9-1D34-3FEE-A976-34889B573511}.MinSizeRel|x64.Build.0 = MinSizeRel|x64
		{D1CA27C9-1D34-3FEE-A976-34889B573511}.RelWithDebInfo|x64.ActiveCfg = RelWithDebInfo|x64
		{D1CA27C9-1D34-3FEE-A976-34889B573511}.RelWithDebInfo|x64.Build.0 = RelWithDebInfo|x64
		{E448BABE-79EB-3DCE-B133-FDA2FB1939C4}.Debug|x64.ActiveCfg = Debug|x64
		{E448BABE-79EB-3DCE-B133-FDA2FB1939C4}.Debug|x64.Build.0 = Debug|x64
		{E448BABE-79EB-3DCE-B133-FDA2FB1939C4}.Release|x64.ActiveCfg = Release|x64
		{E448BABE-79EB-3DCE-B133-FDA2FB1939C4}.Release|x64.Build.0 = Release|x64
		{E448BABE-79EB-3DCE-B133-FDA2FB1939C4}.MinSizeRel|x64.ActiveCfg = MinSizeRel|x64
		{E448BABE-79EB-3DCE-B133-FDA2FB1939C4}.MinSizeRel|x64.Build.0 = MinSizeRel|x64
		{E448BABE-79EB-3DCE-B133-FDA2FB1939C4}.RelWithDebInfo|x64.ActiveCfg = RelWithDebInfo|x64
		{E448BABE-79EB-3DCE-B133-FDA2FB1939C4}.RelWithDebInfo|x64.Build.0 = RelWithDebInfo|x64
		{B240E8E1-4BFF-3F31-BDAD-008536524EB8}.Debug|x64.ActiveCfg = Debug|x64
		{B240E8E1-4BFF-3F31-BDAD-008536524EB8}.Debug|x64.Build.0 = Debug|x64
		{B240E8E1-4BFF-3F31-BDAD-008536524EB8}.Release|x64.ActiveCfg = Release|x64
		{B240E8E1-4BFF-3F31-BDAD-008536524EB8}.Release|x64.Build.0 = Release|x64
		{B240E8E1-4BFF-3F31-BDAD-008536524EB8}.MinSizeRel|x64.ActiveCfg = MinSizeRel|x64
		{B240E8E1-4BFF-3F31-BDAD-008536524EB8}.MinSizeRel|x64.Build.0 = MinSizeRel|x64
		{B240E8E1-4BFF-3F31-BDAD-008536524EB8}.RelWithDebInfo|x64.ActiveCfg = RelWithDebInfo|x64
		{B240E8E1-4BFF-3F31-BDAD-008536524EB8}.RelWithDebInfo|x64.Build.0 = RelWithDebInfo|x64
		{BFAFC5FB-B396-3768-9F79-C851ED57AC05}.Debug|x64.ActiveCfg = Debug|x64
		{BFAFC5FB-B396-3768-9F79-C851ED57AC05}.Debug|x64.Build.0 = Debug|x64
		{BFAFC5FB-B396-3768-9F79-C851ED57AC05}.Release|x64.ActiveCfg = Release|x64
		{BFAFC5FB-B396-3768-9F79-C851ED57AC05}.Release|x64.Build.0 = Release|x64
		{BFAFC5FB-B396-3768-9F79-C851ED57AC05}.MinSizeRel|x64.ActiveCfg = MinSizeRel|x64
		{BFAFC5FB-B396-3768-9F79-C851ED57AC05}.MinSizeRel|x64.Build.0 = MinSizeRel|x64
		{BFAFC5FB-B396-3768-9F79-C851ED57AC05}.RelWithDebInfo|x64.ActiveCfg = RelWithDebInfo|x64
		{BFAFC5FB-B396-3768-9F79-C851ED57AC05}.RelWithDebInfo|x64.Build.0 = RelWithDebInfo|x64
		{7D2BFAAF-4CD9-358E-BAB4-10EC69DF08BB}.Debug|x64.ActiveCfg = Debug|x64
		{7D2BFAAF-4CD9-358E-BAB4-10EC69DF08BB}.Debug|x64.Build.0 = Debug|x64
		{7D2BFAAF-4CD9-358E-BAB4-10EC69DF08BB}.Release|x64.ActiveCfg = Release|x64
		{7D2BFAAF-4CD9-358E-BAB4-10EC69DF08BB}.Release|x64.Build.0 = Release|x64
		{7D2BFAAF-4CD9-358E-BAB4-10EC69DF08BB}.MinSizeRel|x64.ActiveCfg = MinSizeRel|x64
		{7D2BFAAF-4CD9-358E-BAB4-10EC69DF08BB}.MinSizeRel|x64.Build.0 = MinSizeRel|x64
		{7D2BFAAF-4CD9-358E-BAB4-10EC69DF08BB}.RelWithDebInfo|x64.ActiveCfg = RelWithDebInfo|x64
		{7D2BFAAF-4CD9-358E-BAB4-10EC69DF08BB}.RelWithDebInfo|x64.Build.0 = RelWithDebInfo|x64
		{EE3634AD-E303-343E-A413-695F87E84001}.Debug|x64.ActiveCfg = Debug|x64
		{EE3634AD-E303-343E-A413-695F87E84001}.Debug|x64.Build.0 = Debug|x64
		{EE3634AD-E303-343E-A413-695F87E84001}.Release|x64.ActiveCfg = Release|x64
		{EE3634AD-E303-343E-A413-695F87E84001}.Release|x64.Build.0 = Release|x64
		{EE3634AD-E303-343E-A413-695F87E84001}.MinSizeRel|x64.ActiveCfg = MinSizeRel|x64
		{EE3634AD-E303-343E-A413-695F87E84001}.MinSizeRel|x64.Build.0 = MinSizeRel|x64
		{EE3634AD-E303-343E-A413-695F87E84001}.RelWithDebInfo|x64.ActiveCfg = RelWithDebInfo|x64
		{EE3634AD-E303-343E-A413-695F87E84001}.RelWithDebInfo|x64.Build.0 = RelWithDebInfo|x64
		{207E01CE-9F69-34E6-AF2C-56FCFACB629F}.Debug|x64.ActiveCfg = Debug|x64
		{207E01CE-9F69-34E6-AF2C-56FCFACB629F}.Debug|x64.Build.0 = Debug|x64
		{207E01CE-9F69-34E6-AF2C-56FCFACB629F}.Release|x64.ActiveCfg = Release|x64
		{207E01CE-9F69-34E6-AF2C-56FCFACB629F}.Release|x64.Build.0 = Release|x64
		{207E01CE-9F69-34E6-AF2C-56FCFACB629F}.MinSizeRel|x64.ActiveCfg = MinSizeRel|x64
		{207E01CE-9F69-34E6-AF2C-56FCFACB629F}.MinSizeRel|x64.Build.0 = MinSizeRel|x64
		{207E01CE-9F69-34E6-AF2C-56FCFACB629F}.RelWithDebInfo|x64.ActiveCfg = RelWithDebInfo|x64
		{207E01CE-9F69-34E6-AF2C-56FCFACB629F}.RelWithDebInfo|x64.Build.0 = RelWithDebInfo|x64
		{B65D572C-2EF5-3C4E-83E4-DE73F2BC7147}.Debug|x64.ActiveCfg = Debug|x64
		{B65D572C-2EF5-3C4E-83E4-DE73F2BC7147}.Debug|x64.Build.0 = Debug|x64
		{B65D572C-2EF5-3C4E-83E4-DE73F2BC7147}.Release|x64.ActiveCfg = Release|x64
		{B65D572C-2EF5-3C4E-83E4-DE73F2BC7147}.Release|x64.Build.0 = Release|x64
		{B65D572C-2EF5-3C4E-83E4-DE73F2BC7147}.MinSizeRel|x64.ActiveCfg = MinSizeRel|x64
		{B65D572C-2EF5-3C4E-83E4-DE73F2BC7147}.MinSizeRel|x64.Build.0 = MinSizeRel|x64
		{B65D572C-2EF5-3C4E-83E4-DE73F2BC7147}.RelWithDebInfo|x64.ActiveCfg = RelWithDebInfo|x64
		{B65D572C-2EF5-3C4E-83E4-DE73F2BC7147}.RelWithDebInfo|x64.Build.0 = RelWithDebInfo|x64
		{BF0CE1FF-547A-36DB-AC5E-0E14C493EA49}.Debug|x64.ActiveCfg = Debug|x64
		{BF0CE1FF-547A-36DB-AC5E-0E14C493EA49}.Debug|x64.Build.0 = Debug|x64
		{BF0CE1FF-547A-36DB-AC5E-0E14C493EA49}.Release|x64.ActiveCfg = Release|x64
		{BF0CE1FF-547A-36DB-AC5E-0E14C493EA49}.Release|x64.Build.0 = Release|x64
		{BF0CE1FF-547A-36DB-AC5E-0E14C493EA49}.MinSizeRel|x64.ActiveCfg = MinSizeRel|x64
		{BF0CE1FF-547A-36DB-AC5E-0E14C493EA49}.MinSizeRel|x64.Build.0 = MinSizeRel|x64
		{BF0CE1FF-547A-36DB-AC5E-0E14C493EA49}.RelWithDebInfo|x64.ActiveCfg = RelWithDebInfo|x64
		{BF0CE1FF-547A-36DB-AC5E-0E14C493EA49}.RelWithDebInfo|x64.Build.0 = RelWithDebInfo|x64
		{099C3EBA-7FFA-3343-98B4-5AA9ADAB68D7}.Debug|x64.ActiveCfg = Debug|x64
		{099C3EBA-7FFA-3343-98B4-5AA9ADAB68D7}.Debug|x64.Build.0 = Debug|x64
		{099C3EBA-7FFA-3343-98B4-5AA9ADAB68D7}.Release|x64.ActiveCfg = Release|x64
		{099C3EBA-7FFA-3343-98B4-5AA9ADAB68D7}.Release|x64.Build.0 = Release|x64
		{099C3EBA-7FFA-3343-98B4-5AA9ADAB68D7}.MinSizeRel|x64.ActiveCfg = MinSizeRel|x64
		{099C3EBA-7FFA-3343-98B4-5AA9ADAB68D7}.MinSizeRel|x64.Build.0 = MinSizeRel|x64
		{099C3EBA-7FFA-3343-98B4-5AA9ADAB68D7}.RelWithDebInfo|x64.ActiveCfg = RelWithDebInfo|x64
		{099C3EBA-7FFA-3343-98B4-5AA9ADAB68D7}.RelWithDebInfo|x64.Build.0 = RelWithDebInfo|x64
		{038D627E-0EAB-34FD-901A-60E9EEE20556}.Debug|x64.ActiveCfg = Debug|x64
		{038D627E-0EAB-34FD-901A-60E9EEE20556}.Debug|x64.Build.0 = Debug|x64
		{038D627E-0EAB-34FD-901A-60E9EEE20556}.Release|x64.ActiveCfg = Release|x64
		{038D627E-0EAB-34FD-901A-60E9EEE20556}.Release|x64.Build.0 = Release|x64
		{038D627E-0EAB-34FD-901A-60E9EEE20556}.MinSizeRel|x64.ActiveCfg = MinSizeRel|x64
		{038D627E-0EAB-34FD-901A-60E9EEE20556}.MinSizeRel|x64.Build.0 = MinSizeRel|x64
		{038D627E-0EAB-34FD-901A-60E9EEE20556}.RelWithDebInfo|x64.ActiveCfg = RelWithDebInfo|x64
		{038D627E-0EAB-34FD-901A-60E9EEE20556}.RelWithDebInfo|x64.Build.0 = RelWithDebInfo|x64
		{638D8328-22BD-37E6-A55E-83F1E4C48E00}.Debug|x64.ActiveCfg = Debug|x64
		{638D8328-22BD-37E6-A55E-83F1E4C48E00}.Debug|x64.Build.0 = Debug|x64
		{638D8328-22BD-37E6-A55E-83F1E4C48E00}.Release|x64.ActiveCfg = Release|x64
		{638D8328-22BD-37E6-A55E-83F1E4C48E00}.Release|x64.Build.0 = Release|x64
		{638D8328-22BD-37E6-A55E-83F1E4C48E00}.MinSizeRel|x64.ActiveCfg = MinSizeRel|x64
		{638D8328-22BD-37E6-A55E-83F1E4C48E00}.MinSizeRel|x64.Build.0 = MinSizeRel|x64
		{638D8328-22BD-37E6-A55E-83F1E4C48E00}.RelWithDebInfo|x64.ActiveCfg = RelWithDebInfo|x64
		{638D8328-22BD-37E6-A55E-83F1E4C48E00}.RelWithDebInfo|x64.Build.0 = RelWithDebInfo|x64
		{4AE35C2C-3213-3B00-8CED-97075A49BA99}.Debug|x64.ActiveCfg = Debug|x64
		{4AE35C2C-3213-3B00-8CED-97075A49BA99}.Debug|x64.Build.0 = Debug|x64
		{4AE35C2C-3213-3B00-8CED-97075A49BA99}.Release|x64.ActiveCfg = Release|x64
		{4AE35C2C-3213-3B00-8CED-97075A49BA99}.Release|x64.Build.0 = Release|x64
		{4AE35C2C-3213-3B00-8CED-97075A49BA99}.MinSizeRel|x64.ActiveCfg = MinSizeRel|x64
		{4AE35C2C-3213-3B00-8CED-97075A49BA99}.MinSizeRel|x64.Build.0 = MinSizeRel|x64
		{4AE35C2C-3213-3B00-8CED-97075A49BA99}.RelWithDebInfo|x64.ActiveCfg = RelWithDebInfo|x64
		{4AE35C2C-3213-3B00-8CED-97075A49BA99}.RelWithDebInfo|x64.Build.0 = RelWithDebInfo|x64
		{0A00D42C-E660-3581-ACCE-FCFE89A68634}.Debug|x64.ActiveCfg = Debug|x64
		{0A00D42C-E660-3581-ACCE-FCFE89A68634}.Debug|x64.Build.0 = Debug|x64
		{0A00D42C-E660-3581-ACCE-FCFE89A68634}.Release|x64.ActiveCfg = Release|x64
		{0A00D42C-E660-3581-ACCE-FCFE89A68634}.Release|x64.Build.0 = Release|x64
		{0A00D42C-E660-3581-ACCE-FCFE89A68634}.MinSizeRel|x64.ActiveCfg = MinSizeRel|x64
		{0A00D42C-E660-3581-ACCE-FCFE89A68634}.MinSizeRel|x64.Build.0 = MinSizeRel|x64
		{0A00D42C-E660-3581-ACCE-FCFE89A68634}.RelWithDebInfo|x64.ActiveCfg = RelWithDebInfo|x64
		{0A00D42C-E660-3581-ACCE-FCFE89A68634}.RelWithDebInfo|x64.Build.0 = RelWithDebInfo|x64
		{18F9B9AA-2EED-342A-856E-401A462E7B5F}.Debug|x64.ActiveCfg = Debug|x64
		{18F9B9AA-2EED-342A-856E-401A462E7B5F}.Debug|x64.Build.0 = Debug|x64
		{18F9B9AA-2EED-342A-856E-401A462E7B5F}.Release|x64.ActiveCfg = Release|x64
		{18F9B9AA-2EED-342A-856E-401A462E7B5F}.Release|x64.Build.0 = Release|x64
		{18F9B9AA-2EED-342A-856E-401A462E7B5F}.MinSizeRel|x64.ActiveCfg = MinSizeRel|x64
		{18F9B9AA-2EED-342A-856E-401A462E7B5F}.MinSizeRel|x64.Build.0 = MinSizeRel|x64
		{18F9B9AA-2EED-342A-856E-401A462E7B5F}.RelWithDebInfo|x64.ActiveCfg = RelWithDebInfo|x64
		{18F9B9AA-2EED-342A-856E-401A462E7B5F}.RelWithDebInfo|x64.Build.0 = RelWithDebInfo|x64
		{B6002723-BD25-3CFA-9295-6DA072E09ED5}.Debug|x64.ActiveCfg = Debug|x64
		{B6002723-BD25-3CFA-9295-6DA072E09ED5}.Debug|x64.Build.0 = Debug|x64
		{B6002723-BD25-3CFA-9295-6DA072E09ED5}.Release|x64.ActiveCfg = Release|x64
		{B6002723-BD25-3CFA-9295-6DA072E09ED5}.Release|x64.Build.0 = Release|x64
		{B6002723-BD25-3CFA-9295-6DA072E09ED5}.MinSizeRel|x64.ActiveCfg = MinSizeRel|x64
		{B6002723-BD25-3CFA-9295-6DA072E09ED5}.MinSizeRel|x64.Build.0 = MinSizeRel|x64
		{B6002723-BD25-3CFA-9295-6DA072E09ED5}.RelWithDebInfo|x64.ActiveCfg = RelWithDebInfo|x64
		{B6002723-BD25-3CFA-9295-6DA072E09ED5}.RelWithDebInfo|x64.Build.0 = RelWithDebInfo|x64
		{6F2B6058-F396-39CA-87B8-93B23062037E}.Debug|x64.ActiveCfg = Debug|x64
		{6F2B6058-F396-39CA-87B8-93B23062037E}.Debug|x64.Build.0 = Debug|x64
		{6F2B6058-F396-39CA-87B8-93B23062037E}.Release|x64.ActiveCfg = Release|x64
		{6F2B6058-F396-39CA-87B8-93B23062037E}.Release|x64.Build.0 = Release|x64
		{6F2B6058-F396-39CA-87B8-93B23062037E}.MinSizeRel|x64.ActiveCfg = MinSizeRel|x64
		{6F2B6058-F396-39CA-87B8-93B23062037E}.MinSizeRel|x64.Build.0 = MinSizeRel|x64
		{6F2B6058-F396-39CA-87B8-93B23062037E}.RelWithDebInfo|x64.ActiveCfg = RelWithDebInfo|x64
		{6F2B6058-F396-39CA-87B8-93B23062037E}.RelWithDebInfo|x64.Build.0 = RelWithDebInfo|x64
		{02D7D85F-EA89-37E9-B3AD-10C59170715D}.Debug|x64.ActiveCfg = Debug|x64
		{02D7D85F-EA89-37E9-B3AD-10C59170715D}.Debug|x64.Build.0 = Debug|x64
		{02D7D85F-EA89-37E9-B3AD-10C59170715D}.Release|x64.ActiveCfg = Release|x64
		{02D7D85F-EA89-37E9-B3AD-10C59170715D}.Release|x64.Build.0 = Release|x64
		{02D7D85F-EA89-37E9-B3AD-10C59170715D}.MinSizeRel|x64.ActiveCfg = MinSizeRel|x64
		{02D7D85F-EA89-37E9-B3AD-10C59170715D}.MinSizeRel|x64.Build.0 = MinSizeRel|x64
		{02D7D85F-EA89-37E9-B3AD-10C59170715D}.RelWithDebInfo|x64.ActiveCfg = RelWithDebInfo|x64
		{02D7D85F-EA89-37E9-B3AD-10C59170715D}.RelWithDebInfo|x64.Build.0 = RelWithDebInfo|x64
		{84656A48-F5F5-3356-BEDD-887CA2B47800}.Debug|x64.ActiveCfg = Debug|x64
		{84656A48-F5F5-3356-BEDD-887CA2B47800}.Debug|x64.Build.0 = Debug|x64
		{84656A48-F5F5-3356-BEDD-887CA2B47800}.Release|x64.ActiveCfg = Release|x64
		{84656A48-F5F5-3356-BEDD-887CA2B47800}.Release|x64.Build.0 = Release|x64
		{84656A48-F5F5-3356-BEDD-887CA2B47800}.MinSizeRel|x64.ActiveCfg = MinSizeRel|x64
		{84656A48-F5F5-3356-BEDD-887CA2B47800}.MinSizeRel|x64.Build.0 = MinSizeRel|x64
		{84656A48-F5F5-3356-BEDD-887CA2B47800}.RelWithDebInfo|x64.ActiveCfg = RelWithDebInfo|x64
		{84656A48-F5F5-3356-BEDD-887CA2B47800}.RelWithDebInfo|x64.Build.0 = RelWithDebInfo|x64
		{18CA0CA7-1944-3AFF-88BC-64A0631640EF}.Debug|x64.ActiveCfg = Debug|x64
		{18CA0CA7-1944-3AFF-88BC-64A0631640EF}.Debug|x64.Build.0 = Debug|x64
		{18CA0CA7-1944-3AFF-88BC-64A0631640EF}.Release|x64.ActiveCfg = Release|x64
		{18CA0CA7-1944-3AFF-88BC-64A0631640EF}.Release|x64.Build.0 = Release|x64
		{18CA0CA7-1944-3AFF-88BC-64A0631640EF}.MinSizeRel|x64.ActiveCfg = MinSizeRel|x64
		{18CA0CA7-1944-3AFF-88BC-64A0631640EF}.MinSizeRel|x64.Build.0 = MinSizeRel|x64
		{18CA0CA7-1944-3AFF-88BC-64A0631640EF}.RelWithDebInfo|x64.ActiveCfg = RelWithDebInfo|x64
		{18CA0CA7-1944-3AFF-88BC-64A0631640EF}.RelWithDebInfo|x64.Build.0 = RelWithDebInfo|x64
		{F01CBAD4-0929-344D-B546-F27E690981CA}.Debug|x64.ActiveCfg = Debug|x64
		{F01CBAD4-0929-344D-B546-F27E690981CA}.Debug|x64.Build.0 = Debug|x64
		{F01CBAD4-0929-344D-B546-F27E690981CA}.Release|x64.ActiveCfg = Release|x64
		{F01CBAD4-0929-344D-B546-F27E690981CA}.Release|x64.Build.0 = Release|x64
		{F01CBAD4-0929-344D-B546-F27E690981CA}.MinSizeRel|x64.ActiveCfg = MinSizeRel|x64
		{F01CBAD4-0929-344D-B546-F27E690981CA}.MinSizeRel|x64.Build.0 = MinSizeRel|x64
		{F01CBAD4-0929-344D-B546-F27E690981CA}.RelWithDebInfo|x64.ActiveCfg = RelWithDebInfo|x64
		{F01CBAD4-0929-344D-B546-F27E690981CA}.RelWithDebInfo|x64.Build.0 = RelWithDebInfo|x64
		{556ADC53-F6C6-36F8-A31B-404CBCA565FD}.Debug|x64.ActiveCfg = Debug|x64
		{556ADC53-F6C6-36F8-A31B-404CBCA565FD}.Debug|x64.Build.0 = Debug|x64
		{556ADC53-F6C6-36F8-A31B-404CBCA565FD}.Release|x64.ActiveCfg = Release|x64
		{556ADC53-F6C6-36F8-A31B-404CBCA565FD}.Release|x64.Build.0 = Release|x64
		{556ADC53-F6C6-36F8-A31B-404CBCA565FD}.MinSizeRel|x64.ActiveCfg = MinSizeRel|x64
		{556ADC53-F6C6-36F8-A31B-404CBCA565FD}.MinSizeRel|x64.Build.0 = MinSizeRel|x64
		{556ADC53-F6C6-36F8-A31B-404CBCA565FD}.RelWithDebInfo|x64.ActiveCfg = RelWithDebInfo|x64
		{556ADC53-F6C6-36F8-A31B-404CBCA565FD}.RelWithDebInfo|x64.Build.0 = RelWithDebInfo|x64
		{F1CDCB4E-FE77-3457-BC19-EDE51358FA65}.Debug|x64.ActiveCfg = Debug|x64
		{F1CDCB4E-FE77-3457-BC19-EDE51358FA65}.Debug|x64.Build.0 = Debug|x64
		{F1CDCB4E-FE77-3457-BC19-EDE51358FA65}.Release|x64.ActiveCfg = Release|x64
		{F1CDCB4E-FE77-3457-BC19-EDE51358FA65}.Release|x64.Build.0 = Release|x64
		{F1CDCB4E-FE77-3457-BC19-EDE51358FA65}.MinSizeRel|x64.ActiveCfg = MinSizeRel|x64
		{F1CDCB4E-FE77-3457-BC19-EDE51358FA65}.MinSizeRel|x64.Build.0 = MinSizeRel|x64
		{F1CDCB4E-FE77-3457-BC19-EDE51358FA65}.RelWithDebInfo|x64.ActiveCfg = RelWithDebInfo|x64
		{F1CDCB4E-FE77-3457-BC19-EDE51358FA65}.RelWithDebInfo|x64.Build.0 = RelWithDebInfo|x64
		{1FECFA73-8E41-3AB0-85D5-A40EC88F1348}.Debug|x64.ActiveCfg = Debug|x64
		{1FECFA73-8E41-3AB0-85D5-A40EC88F1348}.Debug|x64.Build.0 = Debug|x64
		{1FECFA73-8E41-3AB0-85D5-A40EC88F1348}.Release|x64.ActiveCfg = Release|x64
		{1FECFA73-8E41-3AB0-85D5-A40EC88F1348}.Release|x64.Build.0 = Release|x64
		{1FECFA73-8E41-3AB0-85D5-A40EC88F1348}.MinSizeRel|x64.ActiveCfg = MinSizeRel|x64
		{1FECFA73-8E41-3AB0-85D5-A40EC88F1348}.MinSizeRel|x64.Build.0 = MinSizeRel|x64
		{1FECFA73-8E41-3AB0-85D5-A40EC88F1348}.RelWithDebInfo|x64.ActiveCfg = RelWithDebInfo|x64
		{1FECFA73-8E41-3AB0-85D5-A40EC88F1348}.RelWithDebInfo|x64.Build.0 = RelWithDebInfo|x64
		{3DE78823-052B-3E65-ABDC-5E711B93166B}.Debug|x64.ActiveCfg = Debug|x64
		{3DE78823-052B-3E65-ABDC-5E711B93166B}.Debug|x64.Build.0 = Debug|x64
		{3DE78823-052B-3E65-ABDC-5E711B93166B}.Release|x64.ActiveCfg = Release|x64
		{3DE78823-052B-3E65-ABDC-5E711B93166B}.Release|x64.Build.0 = Release|x64
		{3DE78823-052B-3E65-ABDC-5E711B93166B}.MinSizeRel|x64.ActiveCfg = MinSizeRel|x64
		{3DE78823-052B-3E65-ABDC-5E711B93166B}.MinSizeRel|x64.Build.0 = MinSizeRel|x64
		{3DE78823-052B-3E65-ABDC-5E711B93166B}.RelWithDebInfo|x64.ActiveCfg = RelWithDebInfo|x64
		{3DE78823-052B-3E65-ABDC-5E711B93166B}.RelWithDebInfo|x64.Build.0 = RelWithDebInfo|x64
		{BF861EC8-1CF8-3813-9370-B93359C0E412}.Debug|x64.ActiveCfg = Debug|x64
		{BF861EC8-1CF8-3813-9370-B93359C0E412}.Debug|x64.Build.0 = Debug|x64
		{BF861EC8-1CF8-3813-9370-B93359C0E412}.Release|x64.ActiveCfg = Release|x64
		{BF861EC8-1CF8-3813-9370-B93359C0E412}.Release|x64.Build.0 = Release|x64
		{BF861EC8-1CF8-3813-9370-B93359C0E412}.MinSizeRel|x64.ActiveCfg = MinSizeRel|x64
		{BF861EC8-1CF8-3813-9370-B93359C0E412}.MinSizeRel|x64.Build.0 = MinSizeRel|x64
		{BF861EC8-1CF8-3813-9370-B93359C0E412}.RelWithDebInfo|x64.ActiveCfg = RelWithDebInfo|x64
		{BF861EC8-1CF8-3813-9370-B93359C0E412}.RelWithDebInfo|x64.Build.0 = RelWithDebInfo|x64
		{E6219CF8-7174-3836-B863-AF718C394F62}.Debug|x64.ActiveCfg = Debug|x64
		{E6219CF8-7174-3836-B863-AF718C394F62}.Debug|x64.Build.0 = Debug|x64
		{E6219CF8-7174-3836-B863-AF718C394F62}.Release|x64.ActiveCfg = Release|x64
		{E6219CF8-7174-3836-B863-AF718C394F62}.Release|x64.Build.0 = Release|x64
		{E6219CF8-7174-3836-B863-AF718C394F62}.MinSizeRel|x64.ActiveCfg = MinSizeRel|x64
		{E6219CF8-7174-3836-B863-AF718C394F62}.MinSizeRel|x64.Build.0 = MinSizeRel|x64
		{E6219CF8-7174-3836-B863-AF718C394F62}.RelWithDebInfo|x64.ActiveCfg = RelWithDebInfo|x64
		{E6219CF8-7174-3836-B863-AF718C394F62}.RelWithDebInfo|x64.Build.0 = RelWithDebInfo|x64
		{9D23441A-D86B-3BD1-AB7E-E56662982FDC}.Debug|x64.ActiveCfg = Debug|x64
		{9D23441A-D86B-3BD1-AB7E-E56662982FDC}.Debug|x64.Build.0 = Debug|x64
		{9D23441A-D86B-3BD1-AB7E-E56662982FDC}.Release|x64.ActiveCfg = Release|x64
		{9D23441A-D86B-3BD1-AB7E-E56662982FDC}.Release|x64.Build.0 = Release|x64
		{9D23441A-D86B-3BD1-AB7E-E56662982FDC}.MinSizeRel|x64.ActiveCfg = MinSizeRel|x64
		{9D23441A-D86B-3BD1-AB7E-E56662982FDC}.MinSizeRel|x64.Build.0 = MinSizeRel|x64
		{9D23441A-D86B-3BD1-AB7E-E56662982FDC}.RelWithDebInfo|x64.ActiveCfg = RelWithDebInfo|x64
		{9D23441A-D86B-3BD1-AB7E-E56662982FDC}.RelWithDebInfo|x64.Build.0 = RelWithDebInfo|x64
		{642FB8EC-6A7B-372B-B579-58A7265A7264}.Debug|x64.ActiveCfg = Debug|x64
		{642FB8EC-6A7B-372B-B579-58A7265A7264}.Debug|x64.Build.0 = Debug|x64
		{642FB8EC-6A7B-372B-B579-58A7265A7264}.Release|x64.ActiveCfg = Release|x64
		{642FB8EC-6A7B-372B-B579-58A7265A7264}.Release|x64.Build.0 = Release|x64
		{642FB8EC-6A7B-372B-B579-58A7265A7264}.MinSizeRel|x64.ActiveCfg = MinSizeRel|x64
		{642FB8EC-6A7B-372B-B579-58A7265A7264}.MinSizeRel|x64.Build.0 = MinSizeRel|x64
		{642FB8EC-6A7B-372B-B579-58A7265A7264}.RelWithDebInfo|x64.ActiveCfg = RelWithDebInfo|x64
		{642FB8EC-6A7B-372B-B579-58A7265A7264}.RelWithDebInfo|x64.Build.0 = RelWithDebInfo|x64
	EndGlobalSection
	GlobalSection(NestedProjects) = preSolution
		{9086CD0F-E657-3201-B4A8-2269E2597136} = {027AFEAF-1B70-3E2F-B698-BD689EE784BB}
		{07322D36-09DE-363E-9D15-C4B5DF70FB04} = {027AFEAF-1B70-3E2F-B698-BD689EE784BB}
		{A25E1734-1498-3DFD-AD63-8F1D15BA89B1} = {027AFEAF-1B70-3E2F-B698-BD689EE784BB}
		{7D2BFAAF-4CD9-358E-BAB4-10EC69DF08BB} = {027AFEAF-1B70-3E2F-B698-BD689EE784BB}
		{F4B975B4-1431-3969-BD88-7B85DD142C0E} = {1595082A-AF88-387A-8D81-55402DCE979B}
		{2A690346-8C2C-3726-AF6C-EC33E84AFF68} = {1595082A-AF88-387A-8D81-55402DCE979B}
		{F9AF6B5D-D886-3912-9334-97E84930A6C6} = {1595082A-AF88-387A-8D81-55402DCE979B}
		{ACD4789B-9CC0-3C3E-8091-F6F8653A85B0} = {1595082A-AF88-387A-8D81-55402DCE979B}
		{74E2D420-72F2-37F6-AADC-B03BB45503AC} = {1595082A-AF88-387A-8D81-55402DCE979B}
		{7DE68996-F5B3-36F0-99A8-56512D9564EE} = {F4B975B4-1431-3969-BD88-7B85DD142C0E}
		{65749FB4-120D-39D4-9E84-4638D0171E9C} = {F4B975B4-1431-3969-BD88-7B85DD142C0E}
		{9CCA77E5-9CF1-3E40-80FF-0CAA4A0F045B} = {F4B975B4-1431-3969-BD88-7B85DD142C0E}
		{1B2504F6-D3DD-3A55-8502-8A2592CAEB0F} = {F4B975B4-1431-3969-BD88-7B85DD142C0E}
		{3A8763D0-A063-3F9D-8611-41F7D8676489} = {F4B975B4-1431-3969-BD88-7B85DD142C0E}
		{5F74F47B-4717-34E1-A05C-AD7397142745} = {F4B975B4-1431-3969-BD88-7B85DD142C0E}
		{5740C6C5-AD1D-388E-8A66-44921B7E96DB} = {F4B975B4-1431-3969-BD88-7B85DD142C0E}
		{F858EA08-A60B-3DBD-BD6C-87CFF89DA96F} = {F4B975B4-1431-3969-BD88-7B85DD142C0E}
		{07A3DD0E-73CA-3349-8614-A7FE934B2A38} = {F4B975B4-1431-3969-BD88-7B85DD142C0E}
		{3DC2F240-B6F4-321C-86AD-A2EC74E30117} = {F4B975B4-1431-3969-BD88-7B85DD142C0E}
		{D6182946-D816-3877-A7FB-770A4B3AC509} = {F4B975B4-1431-3969-BD88-7B85DD142C0E}
		{52B79B00-1641-3DE2-9AB5-BE39C880FC12} = {F4B975B4-1431-3969-BD88-7B85DD142C0E}
		{E070F764-BAE8-3276-BEE1-1C0A8DA05C0A} = {F4B975B4-1431-3969-BD88-7B85DD142C0E}
		{2749C16B-9BC9-357E-88A3-64256B9F04DE} = {F4B975B4-1431-3969-BD88-7B85DD142C0E}
		{F2D0B8C8-BE0B-30B4-87C4-62F12626C40B} = {F4B975B4-1431-3969-BD88-7B85DD142C0E}
		{307F487B-DC4E-3D3B-B0B9-78B4A67770B0} = {F4B975B4-1431-3969-BD88-7B85DD142C0E}
		{9265A9FA-BCE0-34F3-B6C5-4650B19C23D9} = {F4B975B4-1431-3969-BD88-7B85DD142C0E}
		{0CA151C4-B540-3F74-8846-1A29AAB98B4F} = {2A690346-8C2C-3726-AF6C-EC33E84AFF68}
		{7DA82E51-7A22-3642-93B0-6CA6914F4F21} = {2A690346-8C2C-3726-AF6C-EC33E84AFF68}
		{408A46C1-F0FA-32B4-832B-12864B7B8DAC} = {F9AF6B5D-D886-3912-9334-97E84930A6C6}
		{E31E55CC-5623-3BCF-8040-EBD0477FB5ED} = {F9AF6B5D-D886-3912-9334-97E84930A6C6}
		{E1EA1B87-C0C3-334C-B386-35A9EF1D32BA} = {F9AF6B5D-D886-3912-9334-97E84930A6C6}
		{4AECEF9E-96C7-32C7-AF38-938F349165BF} = {F9AF6B5D-D886-3912-9334-97E84930A6C6}
		{099C3EBA-7FFA-3343-98B4-5AA9ADAB68D7} = {F9AF6B5D-D886-3912-9334-97E84930A6C6}
		{0A00D42C-E660-3581-ACCE-FCFE89A68634} = {408A46C1-F0FA-32B4-832B-12864B7B8DAC}
		{18F9B9AA-2EED-342A-856E-401A462E7B5F} = {408A46C1-F0FA-32B4-832B-12864B7B8DAC}
		{57BB5828-148F-397B-91C3-6F326AABF706} = {E31E55CC-5623-3BCF-8040-EBD0477FB5ED}
		{E8CA66E4-6BD2-38A4-83B8-26A76E4225DF} = {E31E55CC-5623-3BCF-8040-EBD0477FB5ED}
		{207E01CE-9F69-34E6-AF2C-56FCFACB629F} = {E31E55CC-5623-3BCF-8040-EBD0477FB5ED}
		{B65D572C-2EF5-3C4E-83E4-DE73F2BC7147} = {E31E55CC-5623-3BCF-8040-EBD0477FB5ED}
		{BF0CE1FF-547A-36DB-AC5E-0E14C493EA49} = {E31E55CC-5623-3BCF-8040-EBD0477FB5ED}
		{B6002723-BD25-3CFA-9295-6DA072E09ED5} = {57BB5828-148F-397B-91C3-6F326AABF706}
		{6F2B6058-F396-39CA-87B8-93B23062037E} = {57BB5828-148F-397B-91C3-6F326AABF706}
		{02D7D85F-EA89-37E9-B3AD-10C59170715D} = {57BB5828-148F-397B-91C3-6F326AABF706}
		{84656A48-F5F5-3356-BEDD-887CA2B47800} = {57BB5828-148F-397B-91C3-6F326AABF706}
		{18CA0CA7-1944-3AFF-88BC-64A0631640EF} = {57BB5828-148F-397B-91C3-6F326AABF706}
		{F01CBAD4-0929-344D-B546-F27E690981CA} = {57BB5828-148F-397B-91C3-6F326AABF706}
		{556ADC53-F6C6-36F8-A31B-404CBCA565FD} = {57BB5828-148F-397B-91C3-6F326AABF706}
		{F1CDCB4E-FE77-3457-BC19-EDE51358FA65} = {57BB5828-148F-397B-91C3-6F326AABF706}
		{1FECFA73-8E41-3AB0-85D5-A40EC88F1348} = {57BB5828-148F-397B-91C3-6F326AABF706}
		{3DE78823-052B-3E65-ABDC-5E711B93166B} = {57BB5828-148F-397B-91C3-6F326AABF706}
		{BF861EC8-1CF8-3813-9370-B93359C0E412} = {57BB5828-148F-397B-91C3-6F326AABF706}
		{E6219CF8-7174-3836-B863-AF718C394F62} = {57BB5828-148F-397B-91C3-6F326AABF706}
		{9D23441A-D86B-3BD1-AB7E-E56662982FDC} = {57BB5828-148F-397B-91C3-6F326AABF706}
		{E448BABE-79EB-3DCE-B133-FDA2FB1939C4} = {E8CA66E4-6BD2-38A4-83B8-26A76E4225DF}
		{B240E8E1-4BFF-3F31-BDAD-008536524EB8} = {E8CA66E4-6BD2-38A4-83B8-26A76E4225DF}
		{2926D2DE-095B-3E05-82C6-E2130D4AD999} = {E1EA1B87-C0C3-334C-B386-35A9EF1D32BA}
		{D1CA27C9-1D34-3FEE-A976-34889B573511} = {2926D2DE-095B-3E05-82C6-E2130D4AD999}
		{038D627E-0EAB-34FD-901A-60E9EEE20556} = {2926D2DE-095B-3E05-82C6-E2130D4AD999}
		{642FB8EC-6A7B-372B-B579-58A7265A7264} = {4AECEF9E-96C7-32C7-AF38-938F349165BF}
		{EC9EE31C-429C-35BB-95DB-C688B29D862B} = {D728AAFC-6F18-3102-9842-E54CD81B7F06}
		{150C8740-B4DE-366E-9358-5D552E9E971A} = {D728AAFC-6F18-3102-9842-E54CD81B7F06}
		{BFAFC5FB-B396-3768-9F79-C851ED57AC05} = {EC9EE31C-429C-35BB-95DB-C688B29D862B}
		{C14404B0-4651-3834-85DC-09630BB12B4A} = {E5448820-774B-3BE2-BEBD-1BE027C02DB7}
		{C06B9BB9-3BA9-3E4D-AF4F-7440529381BC} = {E5448820-774B-3BE2-BEBD-1BE027C02DB7}
		{040DE317-47D4-3F54-9D23-387117B17566} = {E5448820-774B-3BE2-BEBD-1BE027C02DB7}
		{4A7698E8-DC1A-354A-AA0B-8C0D2297A3D6} = {E5448820-774B-3BE2-BEBD-1BE027C02DB7}
		{AB8191F1-5204-3334-A4EB-DE5325859C23} = {C14404B0-4651-3834-85DC-09630BB12B4A}
		{022AB9C5-B041-3A73-A394-FBB7808AE5F3} = {C14404B0-4651-3834-85DC-09630BB12B4A}
		{0BB8F4BB-0A76-3846-BA30-055084871412} = {C14404B0-4651-3834-85DC-09630BB12B4A}
		{EE3634AD-E303-343E-A413-695F87E84001} = {C14404B0-4651-3834-85DC-09630BB12B4A}
		{638D8328-22BD-37E6-A55E-83F1E4C48E00} = {AB8191F1-5204-3334-A4EB-DE5325859C23}
		{4AE35C2C-3213-3B00-8CED-97075A49BA99} = {AB8191F1-5204-3334-A4EB-DE5325859C23}
	EndGlobalSection
	GlobalSection(ExtensibilityGlobals) = postSolution
		SolutionGuid = {F460CB55-3554-3B13-A17A-D76C806B7A00}
	EndGlobalSection
	GlobalSection(ExtensibilityAddIns) = postSolution
	EndGlobalSection
EndGlobal
