<?xml version="1.0" encoding="utf-8"?>
<Project ToolsVersion="17.0" xmlns="http://schemas.microsoft.com/developer/msbuild/2003">
  <ItemGroup>
    <ClCompile Include="C:\Users\Usuario\source\repos\DiligentEngine\DiligentSamples\Tutorials\Tutorial02_Cube\src\Tutorial02_Cube.cpp">
      <Filter>src</Filter>
    </ClCompile>
  </ItemGroup>
  <ItemGroup>
    <ClInclude Include="C:\Users\Usuario\source\repos\DiligentEngine\DiligentSamples\Tutorials\Tutorial02_Cube\src\Tutorial02_Cube.hpp">
      <Filter>src</Filter>
    </ClInclude>
    <ClInclude Include="C:\Users\Usuario\source\repos\DiligentEngine\DiligentSamples\Tutorials\Tutorial02_Cube\readme.md" />
  </ItemGroup>
  <ItemGroup>
    <CustomBuild Include="C:\Users\Usuario\source\repos\DiligentEngine\DiligentSamples\Tutorials\Tutorial02_Cube\CMakeLists.txt" />
  </ItemGroup>
  <ItemGroup>
    <None Include="C:\Users\Usuario\source\repos\DiligentEngine\DiligentSamples\Tutorials\Tutorial02_Cube\assets\cube.vsh">
      <Filter>assets</Filter>
    </None>
    <None Include="C:\Users\Usuario\source\repos\DiligentEngine\DiligentSamples\Tutorials\Tutorial02_Cube\assets\cube.psh">
      <Filter>assets</Filter>
    </None>
  </ItemGroup>
  <ItemGroup>
    <ResourceCompile Include="C:\Users\Usuario\source\repos\DiligentEngine\DiligentSamples\SampleBase\src\Win32\resources\Win32AppResource.rc">
      <Filter>resources</Filter>
    </ResourceCompile>
  </ItemGroup>
  <ItemGroup>
    <Filter Include="assets">
      <UniqueIdentifier>{12C971C4-622F-3A9F-936C-CA6995049E1D}</UniqueIdentifier>
    </Filter>
    <Filter Include="resources">
      <UniqueIdentifier>{F1AF0D8F-59E0-3471-A0DC-695B84534C4F}</UniqueIdentifier>
    </Filter>
    <Filter Include="src">
      <UniqueIdentifier>{62E46490-0A40-3FA6-8390-E195C616DD5A}</UniqueIdentifier>
    </Filter>
  </ItemGroup>
</Project>
